
Microsoft Visual Studio Solution File, Format Version 12.00
# Visual Studio Version 16
VisualStudioVersion = 16.0.29001.49
MinimumVisualStudioVersion = 10.0.40219.1
Project("{2150E333-8FDC-42A3-9474-1A3956D46DE8}") = "Mobile", "Mobile", "{6793ED4F-2291-44A4-9EE4-0F9D23218979}"
EndProject
Project("{2150E333-8FDC-42A3-9474-1A3956D46DE8}") = "Web", "Web", "{111BEEEC-044B-4363-8831-8CCA75E76F2A}"
EndProject
Project("{FAE04EC0-301F-11D3-BF4B-00C04F79EFBC}") = "Notes.Android", "Mobile\Notes\Notes.Android\Notes.Android.csproj", "{EFCA3A7B-17F8-4648-834C-1B5478AF5667}"
EndProject
Project("{FAE04EC0-301F-11D3-BF4B-00C04F79EFBC}") = "Notes.iOS", "Mobile\Notes\Notes.iOS\Notes.iOS.csproj", "{FF53FBDA-DBDA-4EEC-9C13-46A7394DEF8D}"
EndProject
Project("{9A19103F-16F7-4668-BE54-9A1E7A4F7556}") = "Notes", "Mobile\Notes\Notes\Notes.csproj", "{93A29776-8F81-4934-A96F-7C987AB5A54C}"
EndProject
Project("{2150E333-8FDC-42A3-9474-1A3956D46DE8}") = "src", "src", "{D3409529-635F-44D4-85A5-5D0FD914977D}"
EndProject
Project("{2150E333-8FDC-42A3-9474-1A3956D46DE8}") = "test", "test", "{B8167390-73C0-4A50-BD66-1569E6FF74C9}"
EndProject
Project("{9A19103F-16F7-4668-BE54-9A1E7A4F7556}") = "FC.Notes.Application", "Web\src\FC.Notes.Application\FC.Notes.Application.csproj", "{799A64B0-6440-43BF-BA22-DE8AF604D1C0}"
EndProject
Project("{9A19103F-16F7-4668-BE54-9A1E7A4F7556}") = "FC.Notes.Application.Contracts", "Web\src\FC.Notes.Application.Contracts\FC.Notes.Application.Contracts.csproj", "{41167FEB-41C1-4341-8845-BCB80B89C1B1}"
EndProject
Project("{9A19103F-16F7-4668-BE54-9A1E7A4F7556}") = "FC.Notes.DbMigrator", "Web\src\FC.Notes.DbMigrator\FC.Notes.DbMigrator.csproj", "{207463CA-0DF7-49E6-A605-D505E65EF499}"
EndProject
Project("{9A19103F-16F7-4668-BE54-9A1E7A4F7556}") = "FC.Notes.Domain", "Web\src\FC.Notes.Domain\FC.Notes.Domain.csproj", "{3F5A4B1B-F894-40DA-913F-CBA1A7525204}"
EndProject
Project("{9A19103F-16F7-4668-BE54-9A1E7A4F7556}") = "FC.Notes.Domain.Shared", "Web\src\FC.Notes.Domain.Shared\FC.Notes.Domain.Shared.csproj", "{66D462FF-2EB4-4BBB-9179-0667F7EF05FA}"
EndProject
Project("{9A19103F-16F7-4668-BE54-9A1E7A4F7556}") = "FC.Notes.EntityFrameworkCore", "Web\src\FC.Notes.EntityFrameworkCore\FC.Notes.EntityFrameworkCore.csproj", "{62860FB5-673C-4292-A81B-F0C2BFC7A747}"
EndProject
Project("{9A19103F-16F7-4668-BE54-9A1E7A4F7556}") = "FC.Notes.EntityFrameworkCore.DbMigrations", "Web\src\FC.Notes.EntityFrameworkCore.DbMigrations\FC.Notes.EntityFrameworkCore.DbMigrations.csproj", "{B5858B4C-8EB6-4AF1-8CC6-B3B64D6F393F}"
EndProject
Project("{9A19103F-16F7-4668-BE54-9A1E7A4F7556}") = "FC.Notes.HttpApi", "Web\src\FC.Notes.HttpApi\FC.Notes.HttpApi.csproj", "{1271A874-E068-4C18-AA53-C66AAA1495C3}"
EndProject
Project("{9A19103F-16F7-4668-BE54-9A1E7A4F7556}") = "FC.Notes.HttpApi.Client", "Web\src\FC.Notes.HttpApi.Client\FC.Notes.HttpApi.Client.csproj", "{8910956A-BCD3-4DDB-B180-92B7C2DCC2E3}"
EndProject
Project("{9A19103F-16F7-4668-BE54-9A1E7A4F7556}") = "FC.Notes.Web", "Web\src\FC.Notes.Web\FC.Notes.Web.csproj", "{A81E5013-A04A-4242-BB88-9C0C029E1B1C}"
EndProject
Project("{9A19103F-16F7-4668-BE54-9A1E7A4F7556}") = "FC.Notes.Application.Tests", "Web\test\FC.Notes.Application.Tests\FC.Notes.Application.Tests.csproj", "{C9A10993-F6E6-4CF6-8D47-A52FFCCC39B0}"
EndProject
Project("{9A19103F-16F7-4668-BE54-9A1E7A4F7556}") = "FC.Notes.Domain.Tests", "Web\test\FC.Notes.Domain.Tests\FC.Notes.Domain.Tests.csproj", "{62146A27-96AB-4938-B23D-22C768A429E6}"
EndProject
Project("{9A19103F-16F7-4668-BE54-9A1E7A4F7556}") = "FC.Notes.EntityFrameworkCore.Tests", "Web\test\FC.Notes.EntityFrameworkCore.Tests\FC.Notes.EntityFrameworkCore.Tests.csproj", "{D8E08196-15B0-4E83-BC56-B7914594501A}"
EndProject
Project("{9A19103F-16F7-4668-BE54-9A1E7A4F7556}") = "FC.Notes.HttpApi.Client.ConsoleTestApp", "Web\test\FC.Notes.HttpApi.Client.ConsoleTestApp\FC.Notes.HttpApi.Client.ConsoleTestApp.csproj", "{88AF9700-E708-4FA1-BA85-BFADDEC82AD0}"
EndProject
Project("{9A19103F-16F7-4668-BE54-9A1E7A4F7556}") = "FC.Notes.TestBase", "Web\test\FC.Notes.TestBase\FC.Notes.TestBase.csproj", "{2C46BF28-FE28-47E1-97FA-B2EBCCA0B65F}"
EndProject
Project("{9A19103F-16F7-4668-BE54-9A1E7A4F7556}") = "FC.Notes.Web.Tests", "Web\test\FC.Notes.Web.Tests\FC.Notes.Web.Tests.csproj", "{BF2DC1B4-438F-4A31-8583-F3BC5976ACCA}"
EndProject
Project("{2150E333-8FDC-42A3-9474-1A3956D46DE8}") = "Identityserver4", "Identityserver4", "{62E3AB04-8156-4CDB-A78C-1025E74BA025}"
EndProject
Project("{9A19103F-16F7-4668-BE54-9A1E7A4F7556}") = "Idsvr4", "Idsvr4\Idsvr4.csproj", "{C79C892F-921E-4BAA-9AD3-58F993DA8D52}"
EndProject
Project("{FAE04EC0-301F-11D3-BF4B-00C04F79EFBC}") = "FrameworkAPI", "FrameworkAPI\FrameworkAPI.csproj", "{F1CEA082-DF9B-4F18-8846-9EF265C58CDD}"
EndProject
Project("{9A19103F-16F7-4668-BE54-9A1E7A4F7556}") = "JSClient", "JSClient\JSClient.csproj", "{86C20085-00EC-4482-BE99-295D30AE0CFC}"
EndProject
Project("{9A19103F-16F7-4668-BE54-9A1E7A4F7556}") = "NetCoreAPI22", "NetCoreAPI\NetCoreAPI22.csproj", "{3FEF4988-017C-4C48-BBBC-AF2C6EEBC0F8}"
EndProject
Project("{9A19103F-16F7-4668-BE54-9A1E7A4F7556}") = "NetCoreAPI30", "NetCoreAPI30\NetCoreAPI30.csproj", "{3AC17599-4799-47B3-821B-879E97A857C0}"
EndProject
Project("{2150E333-8FDC-42A3-9474-1A3956D46DE8}") = "CSRF", "CSRF", "{C2491935-70A3-4466-843B-41E49F6105A2}"
EndProject
Project("{9A19103F-16F7-4668-BE54-9A1E7A4F7556}") = "NetCoreAPICSRF", "CSRF\NetCoreAPICSRF\NetCoreAPICSRF.csproj", "{AD3F29FE-4559-49F6-8929-77D69BDDA818}"
EndProject
Project("{9A19103F-16F7-4668-BE54-9A1E7A4F7556}") = "NetCoreAPICSRFClient", "CSRF\NetCoreAPICSRFClient\NetCoreAPICSRFClient.csproj", "{A19D5D4C-6F78-455E-90BB-B7050BB95F5A}"
EndProject
Global
	GlobalSection(SolutionConfigurationPlatforms) = preSolution
		Ad-Hoc|Any CPU = Ad-Hoc|Any CPU
		Ad-Hoc|iPhone = Ad-Hoc|iPhone
		Ad-Hoc|iPhoneSimulator = Ad-Hoc|iPhoneSimulator
		AppStore|Any CPU = AppStore|Any CPU
		AppStore|iPhone = AppStore|iPhone
		AppStore|iPhoneSimulator = AppStore|iPhoneSimulator
		Debug|Any CPU = Debug|Any CPU
		Debug|iPhone = Debug|iPhone
		Debug|iPhoneSimulator = Debug|iPhoneSimulator
		Release|Any CPU = Release|Any CPU
		Release|iPhone = Release|iPhone
		Release|iPhoneSimulator = Release|iPhoneSimulator
	EndGlobalSection
	GlobalSection(ProjectConfigurationPlatforms) = postSolution
		{EFCA3A7B-17F8-4648-834C-1B5478AF5667}.Ad-Hoc|Any CPU.ActiveCfg = Release|Any CPU
		{EFCA3A7B-17F8-4648-834C-1B5478AF5667}.Ad-Hoc|Any CPU.Build.0 = Release|Any CPU
		{EFCA3A7B-17F8-4648-834C-1B5478AF5667}.Ad-Hoc|Any CPU.Deploy.0 = Release|Any CPU
		{EFCA3A7B-17F8-4648-834C-1B5478AF5667}.Ad-Hoc|iPhone.ActiveCfg = Release|Any CPU
		{EFCA3A7B-17F8-4648-834C-1B5478AF5667}.Ad-Hoc|iPhone.Build.0 = Release|Any CPU
		{EFCA3A7B-17F8-4648-834C-1B5478AF5667}.Ad-Hoc|iPhone.Deploy.0 = Release|Any CPU
		{EFCA3A7B-17F8-4648-834C-1B5478AF5667}.Ad-Hoc|iPhoneSimulator.ActiveCfg = Release|Any CPU
		{EFCA3A7B-17F8-4648-834C-1B5478AF5667}.Ad-Hoc|iPhoneSimulator.Build.0 = Release|Any CPU
		{EFCA3A7B-17F8-4648-834C-1B5478AF5667}.Ad-Hoc|iPhoneSimulator.Deploy.0 = Release|Any CPU
		{EFCA3A7B-17F8-4648-834C-1B5478AF5667}.AppStore|Any CPU.ActiveCfg = Release|Any CPU
		{EFCA3A7B-17F8-4648-834C-1B5478AF5667}.AppStore|Any CPU.Build.0 = Release|Any CPU
		{EFCA3A7B-17F8-4648-834C-1B5478AF5667}.AppStore|Any CPU.Deploy.0 = Release|Any CPU
		{EFCA3A7B-17F8-4648-834C-1B5478AF5667}.AppStore|iPhone.ActiveCfg = Release|Any CPU
		{EFCA3A7B-17F8-4648-834C-1B5478AF5667}.AppStore|iPhone.Build.0 = Release|Any CPU
		{EFCA3A7B-17F8-4648-834C-1B5478AF5667}.AppStore|iPhone.Deploy.0 = Release|Any CPU
		{EFCA3A7B-17F8-4648-834C-1B5478AF5667}.AppStore|iPhoneSimulator.ActiveCfg = Release|Any CPU
		{EFCA3A7B-17F8-4648-834C-1B5478AF5667}.AppStore|iPhoneSimulator.Build.0 = Release|Any CPU
		{EFCA3A7B-17F8-4648-834C-1B5478AF5667}.AppStore|iPhoneSimulator.Deploy.0 = Release|Any CPU
		{EFCA3A7B-17F8-4648-834C-1B5478AF5667}.Debug|Any CPU.ActiveCfg = Debug|Any CPU
		{EFCA3A7B-17F8-4648-834C-1B5478AF5667}.Debug|Any CPU.Build.0 = Debug|Any CPU
		{EFCA3A7B-17F8-4648-834C-1B5478AF5667}.Debug|Any CPU.Deploy.0 = Debug|Any CPU
		{EFCA3A7B-17F8-4648-834C-1B5478AF5667}.Debug|iPhone.ActiveCfg = Debug|Any CPU
		{EFCA3A7B-17F8-4648-834C-1B5478AF5667}.Debug|iPhone.Build.0 = Debug|Any CPU
		{EFCA3A7B-17F8-4648-834C-1B5478AF5667}.Debug|iPhone.Deploy.0 = Debug|Any CPU
		{EFCA3A7B-17F8-4648-834C-1B5478AF5667}.Debug|iPhoneSimulator.ActiveCfg = Debug|Any CPU
		{EFCA3A7B-17F8-4648-834C-1B5478AF5667}.Debug|iPhoneSimulator.Build.0 = Debug|Any CPU
		{EFCA3A7B-17F8-4648-834C-1B5478AF5667}.Debug|iPhoneSimulator.Deploy.0 = Debug|Any CPU
		{EFCA3A7B-17F8-4648-834C-1B5478AF5667}.Release|Any CPU.ActiveCfg = Release|Any CPU
		{EFCA3A7B-17F8-4648-834C-1B5478AF5667}.Release|Any CPU.Build.0 = Release|Any CPU
		{EFCA3A7B-17F8-4648-834C-1B5478AF5667}.Release|Any CPU.Deploy.0 = Release|Any CPU
		{EFCA3A7B-17F8-4648-834C-1B5478AF5667}.Release|iPhone.ActiveCfg = Release|Any CPU
		{EFCA3A7B-17F8-4648-834C-1B5478AF5667}.Release|iPhone.Build.0 = Release|Any CPU
		{EFCA3A7B-17F8-4648-834C-1B5478AF5667}.Release|iPhone.Deploy.0 = Release|Any CPU
		{EFCA3A7B-17F8-4648-834C-1B5478AF5667}.Release|iPhoneSimulator.ActiveCfg = Release|Any CPU
		{EFCA3A7B-17F8-4648-834C-1B5478AF5667}.Release|iPhoneSimulator.Build.0 = Release|Any CPU
		{EFCA3A7B-17F8-4648-834C-1B5478AF5667}.Release|iPhoneSimulator.Deploy.0 = Release|Any CPU
		{FF53FBDA-DBDA-4EEC-9C13-46A7394DEF8D}.Ad-Hoc|Any CPU.ActiveCfg = Release|iPhoneSimulator
		{FF53FBDA-DBDA-4EEC-9C13-46A7394DEF8D}.Ad-Hoc|Any CPU.Build.0 = Release|iPhoneSimulator
		{FF53FBDA-DBDA-4EEC-9C13-46A7394DEF8D}.Ad-Hoc|iPhone.ActiveCfg = Release|iPhone
		{FF53FBDA-DBDA-4EEC-9C13-46A7394DEF8D}.Ad-Hoc|iPhone.Build.0 = Release|iPhone
		{FF53FBDA-DBDA-4EEC-9C13-46A7394DEF8D}.Ad-Hoc|iPhoneSimulator.ActiveCfg = Release|iPhoneSimulator
		{FF53FBDA-DBDA-4EEC-9C13-46A7394DEF8D}.Ad-Hoc|iPhoneSimulator.Build.0 = Release|iPhoneSimulator
		{FF53FBDA-DBDA-4EEC-9C13-46A7394DEF8D}.AppStore|Any CPU.ActiveCfg = Release|iPhoneSimulator
		{FF53FBDA-DBDA-4EEC-9C13-46A7394DEF8D}.AppStore|Any CPU.Build.0 = Release|iPhoneSimulator
		{FF53FBDA-DBDA-4EEC-9C13-46A7394DEF8D}.AppStore|iPhone.ActiveCfg = Release|iPhone
		{FF53FBDA-DBDA-4EEC-9C13-46A7394DEF8D}.AppStore|iPhone.Build.0 = Release|iPhone
		{FF53FBDA-DBDA-4EEC-9C13-46A7394DEF8D}.AppStore|iPhoneSimulator.ActiveCfg = Release|iPhoneSimulator
		{FF53FBDA-DBDA-4EEC-9C13-46A7394DEF8D}.AppStore|iPhoneSimulator.Build.0 = Release|iPhoneSimulator
		{FF53FBDA-DBDA-4EEC-9C13-46A7394DEF8D}.Debug|Any CPU.ActiveCfg = Debug|iPhone
		{FF53FBDA-DBDA-4EEC-9C13-46A7394DEF8D}.Debug|iPhone.ActiveCfg = Debug|iPhone
		{FF53FBDA-DBDA-4EEC-9C13-46A7394DEF8D}.Debug|iPhone.Build.0 = Debug|iPhone
		{FF53FBDA-DBDA-4EEC-9C13-46A7394DEF8D}.Debug|iPhoneSimulator.ActiveCfg = Debug|iPhoneSimulator
		{FF53FBDA-DBDA-4EEC-9C13-46A7394DEF8D}.Debug|iPhoneSimulator.Build.0 = Debug|iPhoneSimulator
		{FF53FBDA-DBDA-4EEC-9C13-46A7394DEF8D}.Release|Any CPU.ActiveCfg = Release|iPhone
		{FF53FBDA-DBDA-4EEC-9C13-46A7394DEF8D}.Release|iPhone.ActiveCfg = Release|iPhone
		{FF53FBDA-DBDA-4EEC-9C13-46A7394DEF8D}.Release|iPhone.Build.0 = Release|iPhone
		{FF53FBDA-DBDA-4EEC-9C13-46A7394DEF8D}.Release|iPhoneSimulator.ActiveCfg = Release|iPhoneSimulator
		{FF53FBDA-DBDA-4EEC-9C13-46A7394DEF8D}.Release|iPhoneSimulator.Build.0 = Release|iPhoneSimulator
		{93A29776-8F81-4934-A96F-7C987AB5A54C}.Ad-Hoc|Any CPU.ActiveCfg = Debug|Any CPU
		{93A29776-8F81-4934-A96F-7C987AB5A54C}.Ad-Hoc|Any CPU.Build.0 = Debug|Any CPU
		{93A29776-8F81-4934-A96F-7C987AB5A54C}.Ad-Hoc|iPhone.ActiveCfg = Debug|Any CPU
		{93A29776-8F81-4934-A96F-7C987AB5A54C}.Ad-Hoc|iPhone.Build.0 = Debug|Any CPU
		{93A29776-8F81-4934-A96F-7C987AB5A54C}.Ad-Hoc|iPhoneSimulator.ActiveCfg = Debug|Any CPU
		{93A29776-8F81-4934-A96F-7C987AB5A54C}.Ad-Hoc|iPhoneSimulator.Build.0 = Debug|Any CPU
		{93A29776-8F81-4934-A96F-7C987AB5A54C}.AppStore|Any CPU.ActiveCfg = Debug|Any CPU
		{93A29776-8F81-4934-A96F-7C987AB5A54C}.AppStore|Any CPU.Build.0 = Debug|Any CPU
		{93A29776-8F81-4934-A96F-7C987AB5A54C}.AppStore|iPhone.ActiveCfg = Debug|Any CPU
		{93A29776-8F81-4934-A96F-7C987AB5A54C}.AppStore|iPhone.Build.0 = Debug|Any CPU
		{93A29776-8F81-4934-A96F-7C987AB5A54C}.AppStore|iPhoneSimulator.ActiveCfg = Debug|Any CPU
		{93A29776-8F81-4934-A96F-7C987AB5A54C}.AppStore|iPhoneSimulator.Build.0 = Debug|Any CPU
		{93A29776-8F81-4934-A96F-7C987AB5A54C}.Debug|Any CPU.ActiveCfg = Debug|Any CPU
		{93A29776-8F81-4934-A96F-7C987AB5A54C}.Debug|Any CPU.Build.0 = Debug|Any CPU
		{93A29776-8F81-4934-A96F-7C987AB5A54C}.Debug|iPhone.ActiveCfg = Debug|Any CPU
		{93A29776-8F81-4934-A96F-7C987AB5A54C}.Debug|iPhone.Build.0 = Debug|Any CPU
		{93A29776-8F81-4934-A96F-7C987AB5A54C}.Debug|iPhoneSimulator.ActiveCfg = Debug|Any CPU
		{93A29776-8F81-4934-A96F-7C987AB5A54C}.Debug|iPhoneSimulator.Build.0 = Debug|Any CPU
		{93A29776-8F81-4934-A96F-7C987AB5A54C}.Release|Any CPU.ActiveCfg = Release|Any CPU
		{93A29776-8F81-4934-A96F-7C987AB5A54C}.Release|Any CPU.Build.0 = Release|Any CPU
		{93A29776-8F81-4934-A96F-7C987AB5A54C}.Release|iPhone.ActiveCfg = Release|Any CPU
		{93A29776-8F81-4934-A96F-7C987AB5A54C}.Release|iPhone.Build.0 = Release|Any CPU
		{93A29776-8F81-4934-A96F-7C987AB5A54C}.Release|iPhoneSimulator.ActiveCfg = Release|Any CPU
		{93A29776-8F81-4934-A96F-7C987AB5A54C}.Release|iPhoneSimulator.Build.0 = Release|Any CPU
		{799A64B0-6440-43BF-BA22-DE8AF604D1C0}.Ad-Hoc|Any CPU.ActiveCfg = Debug|Any CPU
		{799A64B0-6440-43BF-BA22-DE8AF604D1C0}.Ad-Hoc|Any CPU.Build.0 = Debug|Any CPU
		{799A64B0-6440-43BF-BA22-DE8AF604D1C0}.Ad-Hoc|iPhone.ActiveCfg = Debug|Any CPU
		{799A64B0-6440-43BF-BA22-DE8AF604D1C0}.Ad-Hoc|iPhone.Build.0 = Debug|Any CPU
		{799A64B0-6440-43BF-BA22-DE8AF604D1C0}.Ad-Hoc|iPhoneSimulator.ActiveCfg = Debug|Any CPU
		{799A64B0-6440-43BF-BA22-DE8AF604D1C0}.Ad-Hoc|iPhoneSimulator.Build.0 = Debug|Any CPU
		{799A64B0-6440-43BF-BA22-DE8AF604D1C0}.AppStore|Any CPU.ActiveCfg = Debug|Any CPU
		{799A64B0-6440-43BF-BA22-DE8AF604D1C0}.AppStore|Any CPU.Build.0 = Debug|Any CPU
		{799A64B0-6440-43BF-BA22-DE8AF604D1C0}.AppStore|iPhone.ActiveCfg = Debug|Any CPU
		{799A64B0-6440-43BF-BA22-DE8AF604D1C0}.AppStore|iPhone.Build.0 = Debug|Any CPU
		{799A64B0-6440-43BF-BA22-DE8AF604D1C0}.AppStore|iPhoneSimulator.ActiveCfg = Debug|Any CPU
		{799A64B0-6440-43BF-BA22-DE8AF604D1C0}.AppStore|iPhoneSimulator.Build.0 = Debug|Any CPU
		{799A64B0-6440-43BF-BA22-DE8AF604D1C0}.Debug|Any CPU.ActiveCfg = Debug|Any CPU
		{799A64B0-6440-43BF-BA22-DE8AF604D1C0}.Debug|Any CPU.Build.0 = Debug|Any CPU
		{799A64B0-6440-43BF-BA22-DE8AF604D1C0}.Debug|iPhone.ActiveCfg = Debug|Any CPU
		{799A64B0-6440-43BF-BA22-DE8AF604D1C0}.Debug|iPhone.Build.0 = Debug|Any CPU
		{799A64B0-6440-43BF-BA22-DE8AF604D1C0}.Debug|iPhoneSimulator.ActiveCfg = Debug|Any CPU
		{799A64B0-6440-43BF-BA22-DE8AF604D1C0}.Debug|iPhoneSimulator.Build.0 = Debug|Any CPU
		{799A64B0-6440-43BF-BA22-DE8AF604D1C0}.Release|Any CPU.ActiveCfg = Release|Any CPU
		{799A64B0-6440-43BF-BA22-DE8AF604D1C0}.Release|Any CPU.Build.0 = Release|Any CPU
		{799A64B0-6440-43BF-BA22-DE8AF604D1C0}.Release|iPhone.ActiveCfg = Release|Any CPU
		{799A64B0-6440-43BF-BA22-DE8AF604D1C0}.Release|iPhone.Build.0 = Release|Any CPU
		{799A64B0-6440-43BF-BA22-DE8AF604D1C0}.Release|iPhoneSimulator.ActiveCfg = Release|Any CPU
		{799A64B0-6440-43BF-BA22-DE8AF604D1C0}.Release|iPhoneSimulator.Build.0 = Release|Any CPU
		{41167FEB-41C1-4341-8845-BCB80B89C1B1}.Ad-Hoc|Any CPU.ActiveCfg = Debug|Any CPU
		{41167FEB-41C1-4341-8845-BCB80B89C1B1}.Ad-Hoc|Any CPU.Build.0 = Debug|Any CPU
		{41167FEB-41C1-4341-8845-BCB80B89C1B1}.Ad-Hoc|iPhone.ActiveCfg = Debug|Any CPU
		{41167FEB-41C1-4341-8845-BCB80B89C1B1}.Ad-Hoc|iPhone.Build.0 = Debug|Any CPU
		{41167FEB-41C1-4341-8845-BCB80B89C1B1}.Ad-Hoc|iPhoneSimulator.ActiveCfg = Debug|Any CPU
		{41167FEB-41C1-4341-8845-BCB80B89C1B1}.Ad-Hoc|iPhoneSimulator.Build.0 = Debug|Any CPU
		{41167FEB-41C1-4341-8845-BCB80B89C1B1}.AppStore|Any CPU.ActiveCfg = Debug|Any CPU
		{41167FEB-41C1-4341-8845-BCB80B89C1B1}.AppStore|Any CPU.Build.0 = Debug|Any CPU
		{41167FEB-41C1-4341-8845-BCB80B89C1B1}.AppStore|iPhone.ActiveCfg = Debug|Any CPU
		{41167FEB-41C1-4341-8845-BCB80B89C1B1}.AppStore|iPhone.Build.0 = Debug|Any CPU
		{41167FEB-41C1-4341-8845-BCB80B89C1B1}.AppStore|iPhoneSimulator.ActiveCfg = Debug|Any CPU
		{41167FEB-41C1-4341-8845-BCB80B89C1B1}.AppStore|iPhoneSimulator.Build.0 = Debug|Any CPU
		{41167FEB-41C1-4341-8845-BCB80B89C1B1}.Debug|Any CPU.ActiveCfg = Debug|Any CPU
		{41167FEB-41C1-4341-8845-BCB80B89C1B1}.Debug|Any CPU.Build.0 = Debug|Any CPU
		{41167FEB-41C1-4341-8845-BCB80B89C1B1}.Debug|iPhone.ActiveCfg = Debug|Any CPU
		{41167FEB-41C1-4341-8845-BCB80B89C1B1}.Debug|iPhone.Build.0 = Debug|Any CPU
		{41167FEB-41C1-4341-8845-BCB80B89C1B1}.Debug|iPhoneSimulator.ActiveCfg = Debug|Any CPU
		{41167FEB-41C1-4341-8845-BCB80B89C1B1}.Debug|iPhoneSimulator.Build.0 = Debug|Any CPU
		{41167FEB-41C1-4341-8845-BCB80B89C1B1}.Release|Any CPU.ActiveCfg = Release|Any CPU
		{41167FEB-41C1-4341-8845-BCB80B89C1B1}.Release|Any CPU.Build.0 = Release|Any CPU
		{41167FEB-41C1-4341-8845-BCB80B89C1B1}.Release|iPhone.ActiveCfg = Release|Any CPU
		{41167FEB-41C1-4341-8845-BCB80B89C1B1}.Release|iPhone.Build.0 = Release|Any CPU
		{41167FEB-41C1-4341-8845-BCB80B89C1B1}.Release|iPhoneSimulator.ActiveCfg = Release|Any CPU
		{41167FEB-41C1-4341-8845-BCB80B89C1B1}.Release|iPhoneSimulator.Build.0 = Release|Any CPU
		{207463CA-0DF7-49E6-A605-D505E65EF499}.Ad-Hoc|Any CPU.ActiveCfg = Debug|Any CPU
		{207463CA-0DF7-49E6-A605-D505E65EF499}.Ad-Hoc|Any CPU.Build.0 = Debug|Any CPU
		{207463CA-0DF7-49E6-A605-D505E65EF499}.Ad-Hoc|iPhone.ActiveCfg = Debug|Any CPU
		{207463CA-0DF7-49E6-A605-D505E65EF499}.Ad-Hoc|iPhone.Build.0 = Debug|Any CPU
		{207463CA-0DF7-49E6-A605-D505E65EF499}.Ad-Hoc|iPhoneSimulator.ActiveCfg = Debug|Any CPU
		{207463CA-0DF7-49E6-A605-D505E65EF499}.Ad-Hoc|iPhoneSimulator.Build.0 = Debug|Any CPU
		{207463CA-0DF7-49E6-A605-D505E65EF499}.AppStore|Any CPU.ActiveCfg = Debug|Any CPU
		{207463CA-0DF7-49E6-A605-D505E65EF499}.AppStore|Any CPU.Build.0 = Debug|Any CPU
		{207463CA-0DF7-49E6-A605-D505E65EF499}.AppStore|iPhone.ActiveCfg = Debug|Any CPU
		{207463CA-0DF7-49E6-A605-D505E65EF499}.AppStore|iPhone.Build.0 = Debug|Any CPU
		{207463CA-0DF7-49E6-A605-D505E65EF499}.AppStore|iPhoneSimulator.ActiveCfg = Debug|Any CPU
		{207463CA-0DF7-49E6-A605-D505E65EF499}.AppStore|iPhoneSimulator.Build.0 = Debug|Any CPU
		{207463CA-0DF7-49E6-A605-D505E65EF499}.Debug|Any CPU.ActiveCfg = Debug|Any CPU
		{207463CA-0DF7-49E6-A605-D505E65EF499}.Debug|Any CPU.Build.0 = Debug|Any CPU
		{207463CA-0DF7-49E6-A605-D505E65EF499}.Debug|iPhone.ActiveCfg = Debug|Any CPU
		{207463CA-0DF7-49E6-A605-D505E65EF499}.Debug|iPhone.Build.0 = Debug|Any CPU
		{207463CA-0DF7-49E6-A605-D505E65EF499}.Debug|iPhoneSimulator.ActiveCfg = Debug|Any CPU
		{207463CA-0DF7-49E6-A605-D505E65EF499}.Debug|iPhoneSimulator.Build.0 = Debug|Any CPU
		{207463CA-0DF7-49E6-A605-D505E65EF499}.Release|Any CPU.ActiveCfg = Release|Any CPU
		{207463CA-0DF7-49E6-A605-D505E65EF499}.Release|Any CPU.Build.0 = Release|Any CPU
		{207463CA-0DF7-49E6-A605-D505E65EF499}.Release|iPhone.ActiveCfg = Release|Any CPU
		{207463CA-0DF7-49E6-A605-D505E65EF499}.Release|iPhone.Build.0 = Release|Any CPU
		{207463CA-0DF7-49E6-A605-D505E65EF499}.Release|iPhoneSimulator.ActiveCfg = Release|Any CPU
		{207463CA-0DF7-49E6-A605-D505E65EF499}.Release|iPhoneSimulator.Build.0 = Release|Any CPU
		{3F5A4B1B-F894-40DA-913F-CBA1A7525204}.Ad-Hoc|Any CPU.ActiveCfg = Debug|Any CPU
		{3F5A4B1B-F894-40DA-913F-CBA1A7525204}.Ad-Hoc|Any CPU.Build.0 = Debug|Any CPU
		{3F5A4B1B-F894-40DA-913F-CBA1A7525204}.Ad-Hoc|iPhone.ActiveCfg = Debug|Any CPU
		{3F5A4B1B-F894-40DA-913F-CBA1A7525204}.Ad-Hoc|iPhone.Build.0 = Debug|Any CPU
		{3F5A4B1B-F894-40DA-913F-CBA1A7525204}.Ad-Hoc|iPhoneSimulator.ActiveCfg = Debug|Any CPU
		{3F5A4B1B-F894-40DA-913F-CBA1A7525204}.Ad-Hoc|iPhoneSimulator.Build.0 = Debug|Any CPU
		{3F5A4B1B-F894-40DA-913F-CBA1A7525204}.AppStore|Any CPU.ActiveCfg = Debug|Any CPU
		{3F5A4B1B-F894-40DA-913F-CBA1A7525204}.AppStore|Any CPU.Build.0 = Debug|Any CPU
		{3F5A4B1B-F894-40DA-913F-CBA1A7525204}.AppStore|iPhone.ActiveCfg = Debug|Any CPU
		{3F5A4B1B-F894-40DA-913F-CBA1A7525204}.AppStore|iPhone.Build.0 = Debug|Any CPU
		{3F5A4B1B-F894-40DA-913F-CBA1A7525204}.AppStore|iPhoneSimulator.ActiveCfg = Debug|Any CPU
		{3F5A4B1B-F894-40DA-913F-CBA1A7525204}.AppStore|iPhoneSimulator.Build.0 = Debug|Any CPU
		{3F5A4B1B-F894-40DA-913F-CBA1A7525204}.Debug|Any CPU.ActiveCfg = Debug|Any CPU
		{3F5A4B1B-F894-40DA-913F-CBA1A7525204}.Debug|Any CPU.Build.0 = Debug|Any CPU
		{3F5A4B1B-F894-40DA-913F-CBA1A7525204}.Debug|iPhone.ActiveCfg = Debug|Any CPU
		{3F5A4B1B-F894-40DA-913F-CBA1A7525204}.Debug|iPhone.Build.0 = Debug|Any CPU
		{3F5A4B1B-F894-40DA-913F-CBA1A7525204}.Debug|iPhoneSimulator.ActiveCfg = Debug|Any CPU
		{3F5A4B1B-F894-40DA-913F-CBA1A7525204}.Debug|iPhoneSimulator.Build.0 = Debug|Any CPU
		{3F5A4B1B-F894-40DA-913F-CBA1A7525204}.Release|Any CPU.ActiveCfg = Release|Any CPU
		{3F5A4B1B-F894-40DA-913F-CBA1A7525204}.Release|Any CPU.Build.0 = Release|Any CPU
		{3F5A4B1B-F894-40DA-913F-CBA1A7525204}.Release|iPhone.ActiveCfg = Release|Any CPU
		{3F5A4B1B-F894-40DA-913F-CBA1A7525204}.Release|iPhone.Build.0 = Release|Any CPU
		{3F5A4B1B-F894-40DA-913F-CBA1A7525204}.Release|iPhoneSimulator.ActiveCfg = Release|Any CPU
		{3F5A4B1B-F894-40DA-913F-CBA1A7525204}.Release|iPhoneSimulator.Build.0 = Release|Any CPU
		{66D462FF-2EB4-4BBB-9179-0667F7EF05FA}.Ad-Hoc|Any CPU.ActiveCfg = Debug|Any CPU
		{66D462FF-2EB4-4BBB-9179-0667F7EF05FA}.Ad-Hoc|Any CPU.Build.0 = Debug|Any CPU
		{66D462FF-2EB4-4BBB-9179-0667F7EF05FA}.Ad-Hoc|iPhone.ActiveCfg = Debug|Any CPU
		{66D462FF-2EB4-4BBB-9179-0667F7EF05FA}.Ad-Hoc|iPhone.Build.0 = Debug|Any CPU
		{66D462FF-2EB4-4BBB-9179-0667F7EF05FA}.Ad-Hoc|iPhoneSimulator.ActiveCfg = Debug|Any CPU
		{66D462FF-2EB4-4BBB-9179-0667F7EF05FA}.Ad-Hoc|iPhoneSimulator.Build.0 = Debug|Any CPU
		{66D462FF-2EB4-4BBB-9179-0667F7EF05FA}.AppStore|Any CPU.ActiveCfg = Debug|Any CPU
		{66D462FF-2EB4-4BBB-9179-0667F7EF05FA}.AppStore|Any CPU.Build.0 = Debug|Any CPU
		{66D462FF-2EB4-4BBB-9179-0667F7EF05FA}.AppStore|iPhone.ActiveCfg = Debug|Any CPU
		{66D462FF-2EB4-4BBB-9179-0667F7EF05FA}.AppStore|iPhone.Build.0 = Debug|Any CPU
		{66D462FF-2EB4-4BBB-9179-0667F7EF05FA}.AppStore|iPhoneSimulator.ActiveCfg = Debug|Any CPU
		{66D462FF-2EB4-4BBB-9179-0667F7EF05FA}.AppStore|iPhoneSimulator.Build.0 = Debug|Any CPU
		{66D462FF-2EB4-4BBB-9179-0667F7EF05FA}.Debug|Any CPU.ActiveCfg = Debug|Any CPU
		{66D462FF-2EB4-4BBB-9179-0667F7EF05FA}.Debug|Any CPU.Build.0 = Debug|Any CPU
		{66D462FF-2EB4-4BBB-9179-0667F7EF05FA}.Debug|iPhone.ActiveCfg = Debug|Any CPU
		{66D462FF-2EB4-4BBB-9179-0667F7EF05FA}.Debug|iPhone.Build.0 = Debug|Any CPU
		{66D462FF-2EB4-4BBB-9179-0667F7EF05FA}.Debug|iPhoneSimulator.ActiveCfg = Debug|Any CPU
		{66D462FF-2EB4-4BBB-9179-0667F7EF05FA}.Debug|iPhoneSimulator.Build.0 = Debug|Any CPU
		{66D462FF-2EB4-4BBB-9179-0667F7EF05FA}.Release|Any CPU.ActiveCfg = Release|Any CPU
		{66D462FF-2EB4-4BBB-9179-0667F7EF05FA}.Release|Any CPU.Build.0 = Release|Any CPU
		{66D462FF-2EB4-4BBB-9179-0667F7EF05FA}.Release|iPhone.ActiveCfg = Release|Any CPU
		{66D462FF-2EB4-4BBB-9179-0667F7EF05FA}.Release|iPhone.Build.0 = Release|Any CPU
		{66D462FF-2EB4-4BBB-9179-0667F7EF05FA}.Release|iPhoneSimulator.ActiveCfg = Release|Any CPU
		{66D462FF-2EB4-4BBB-9179-0667F7EF05FA}.Release|iPhoneSimulator.Build.0 = Release|Any CPU
		{62860FB5-673C-4292-A81B-F0C2BFC7A747}.Ad-Hoc|Any CPU.ActiveCfg = Debug|Any CPU
		{62860FB5-673C-4292-A81B-F0C2BFC7A747}.Ad-Hoc|Any CPU.Build.0 = Debug|Any CPU
		{62860FB5-673C-4292-A81B-F0C2BFC7A747}.Ad-Hoc|iPhone.ActiveCfg = Debug|Any CPU
		{62860FB5-673C-4292-A81B-F0C2BFC7A747}.Ad-Hoc|iPhone.Build.0 = Debug|Any CPU
		{62860FB5-673C-4292-A81B-F0C2BFC7A747}.Ad-Hoc|iPhoneSimulator.ActiveCfg = Debug|Any CPU
		{62860FB5-673C-4292-A81B-F0C2BFC7A747}.Ad-Hoc|iPhoneSimulator.Build.0 = Debug|Any CPU
		{62860FB5-673C-4292-A81B-F0C2BFC7A747}.AppStore|Any CPU.ActiveCfg = Debug|Any CPU
		{62860FB5-673C-4292-A81B-F0C2BFC7A747}.AppStore|Any CPU.Build.0 = Debug|Any CPU
		{62860FB5-673C-4292-A81B-F0C2BFC7A747}.AppStore|iPhone.ActiveCfg = Debug|Any CPU
		{62860FB5-673C-4292-A81B-F0C2BFC7A747}.AppStore|iPhone.Build.0 = Debug|Any CPU
		{62860FB5-673C-4292-A81B-F0C2BFC7A747}.AppStore|iPhoneSimulator.ActiveCfg = Debug|Any CPU
		{62860FB5-673C-4292-A81B-F0C2BFC7A747}.AppStore|iPhoneSimulator.Build.0 = Debug|Any CPU
		{62860FB5-673C-4292-A81B-F0C2BFC7A747}.Debug|Any CPU.ActiveCfg = Debug|Any CPU
		{62860FB5-673C-4292-A81B-F0C2BFC7A747}.Debug|Any CPU.Build.0 = Debug|Any CPU
		{62860FB5-673C-4292-A81B-F0C2BFC7A747}.Debug|iPhone.ActiveCfg = Debug|Any CPU
		{62860FB5-673C-4292-A81B-F0C2BFC7A747}.Debug|iPhone.Build.0 = Debug|Any CPU
		{62860FB5-673C-4292-A81B-F0C2BFC7A747}.Debug|iPhoneSimulator.ActiveCfg = Debug|Any CPU
		{62860FB5-673C-4292-A81B-F0C2BFC7A747}.Debug|iPhoneSimulator.Build.0 = Debug|Any CPU
		{62860FB5-673C-4292-A81B-F0C2BFC7A747}.Release|Any CPU.ActiveCfg = Release|Any CPU
		{62860FB5-673C-4292-A81B-F0C2BFC7A747}.Release|Any CPU.Build.0 = Release|Any CPU
		{62860FB5-673C-4292-A81B-F0C2BFC7A747}.Release|iPhone.ActiveCfg = Release|Any CPU
		{62860FB5-673C-4292-A81B-F0C2BFC7A747}.Release|iPhone.Build.0 = Release|Any CPU
		{62860FB5-673C-4292-A81B-F0C2BFC7A747}.Release|iPhoneSimulator.ActiveCfg = Release|Any CPU
		{62860FB5-673C-4292-A81B-F0C2BFC7A747}.Release|iPhoneSimulator.Build.0 = Release|Any CPU
		{B5858B4C-8EB6-4AF1-8CC6-B3B64D6F393F}.Ad-Hoc|Any CPU.ActiveCfg = Debug|Any CPU
		{B5858B4C-8EB6-4AF1-8CC6-B3B64D6F393F}.Ad-Hoc|Any CPU.Build.0 = Debug|Any CPU
		{B5858B4C-8EB6-4AF1-8CC6-B3B64D6F393F}.Ad-Hoc|iPhone.ActiveCfg = Debug|Any CPU
		{B5858B4C-8EB6-4AF1-8CC6-B3B64D6F393F}.Ad-Hoc|iPhone.Build.0 = Debug|Any CPU
		{B5858B4C-8EB6-4AF1-8CC6-B3B64D6F393F}.Ad-Hoc|iPhoneSimulator.ActiveCfg = Debug|Any CPU
		{B5858B4C-8EB6-4AF1-8CC6-B3B64D6F393F}.Ad-Hoc|iPhoneSimulator.Build.0 = Debug|Any CPU
		{B5858B4C-8EB6-4AF1-8CC6-B3B64D6F393F}.AppStore|Any CPU.ActiveCfg = Debug|Any CPU
		{B5858B4C-8EB6-4AF1-8CC6-B3B64D6F393F}.AppStore|Any CPU.Build.0 = Debug|Any CPU
		{B5858B4C-8EB6-4AF1-8CC6-B3B64D6F393F}.AppStore|iPhone.ActiveCfg = Debug|Any CPU
		{B5858B4C-8EB6-4AF1-8CC6-B3B64D6F393F}.AppStore|iPhone.Build.0 = Debug|Any CPU
		{B5858B4C-8EB6-4AF1-8CC6-B3B64D6F393F}.AppStore|iPhoneSimulator.ActiveCfg = Debug|Any CPU
		{B5858B4C-8EB6-4AF1-8CC6-B3B64D6F393F}.AppStore|iPhoneSimulator.Build.0 = Debug|Any CPU
		{B5858B4C-8EB6-4AF1-8CC6-B3B64D6F393F}.Debug|Any CPU.ActiveCfg = Debug|Any CPU
		{B5858B4C-8EB6-4AF1-8CC6-B3B64D6F393F}.Debug|Any CPU.Build.0 = Debug|Any CPU
		{B5858B4C-8EB6-4AF1-8CC6-B3B64D6F393F}.Debug|iPhone.ActiveCfg = Debug|Any CPU
		{B5858B4C-8EB6-4AF1-8CC6-B3B64D6F393F}.Debug|iPhone.Build.0 = Debug|Any CPU
		{B5858B4C-8EB6-4AF1-8CC6-B3B64D6F393F}.Debug|iPhoneSimulator.ActiveCfg = Debug|Any CPU
		{B5858B4C-8EB6-4AF1-8CC6-B3B64D6F393F}.Debug|iPhoneSimulator.Build.0 = Debug|Any CPU
		{B5858B4C-8EB6-4AF1-8CC6-B3B64D6F393F}.Release|Any CPU.ActiveCfg = Release|Any CPU
		{B5858B4C-8EB6-4AF1-8CC6-B3B64D6F393F}.Release|Any CPU.Build.0 = Release|Any CPU
		{B5858B4C-8EB6-4AF1-8CC6-B3B64D6F393F}.Release|iPhone.ActiveCfg = Release|Any CPU
		{B5858B4C-8EB6-4AF1-8CC6-B3B64D6F393F}.Release|iPhone.Build.0 = Release|Any CPU
		{B5858B4C-8EB6-4AF1-8CC6-B3B64D6F393F}.Release|iPhoneSimulator.ActiveCfg = Release|Any CPU
		{B5858B4C-8EB6-4AF1-8CC6-B3B64D6F393F}.Release|iPhoneSimulator.Build.0 = Release|Any CPU
		{1271A874-E068-4C18-AA53-C66AAA1495C3}.Ad-Hoc|Any CPU.ActiveCfg = Debug|Any CPU
		{1271A874-E068-4C18-AA53-C66AAA1495C3}.Ad-Hoc|Any CPU.Build.0 = Debug|Any CPU
		{1271A874-E068-4C18-AA53-C66AAA1495C3}.Ad-Hoc|iPhone.ActiveCfg = Debug|Any CPU
		{1271A874-E068-4C18-AA53-C66AAA1495C3}.Ad-Hoc|iPhone.Build.0 = Debug|Any CPU
		{1271A874-E068-4C18-AA53-C66AAA1495C3}.Ad-Hoc|iPhoneSimulator.ActiveCfg = Debug|Any CPU
		{1271A874-E068-4C18-AA53-C66AAA1495C3}.Ad-Hoc|iPhoneSimulator.Build.0 = Debug|Any CPU
		{1271A874-E068-4C18-AA53-C66AAA1495C3}.AppStore|Any CPU.ActiveCfg = Debug|Any CPU
		{1271A874-E068-4C18-AA53-C66AAA1495C3}.AppStore|Any CPU.Build.0 = Debug|Any CPU
		{1271A874-E068-4C18-AA53-C66AAA1495C3}.AppStore|iPhone.ActiveCfg = Debug|Any CPU
		{1271A874-E068-4C18-AA53-C66AAA1495C3}.AppStore|iPhone.Build.0 = Debug|Any CPU
		{1271A874-E068-4C18-AA53-C66AAA1495C3}.AppStore|iPhoneSimulator.ActiveCfg = Debug|Any CPU
		{1271A874-E068-4C18-AA53-C66AAA1495C3}.AppStore|iPhoneSimulator.Build.0 = Debug|Any CPU
		{1271A874-E068-4C18-AA53-C66AAA1495C3}.Debug|Any CPU.ActiveCfg = Debug|Any CPU
		{1271A874-E068-4C18-AA53-C66AAA1495C3}.Debug|Any CPU.Build.0 = Debug|Any CPU
		{1271A874-E068-4C18-AA53-C66AAA1495C3}.Debug|iPhone.ActiveCfg = Debug|Any CPU
		{1271A874-E068-4C18-AA53-C66AAA1495C3}.Debug|iPhone.Build.0 = Debug|Any CPU
		{1271A874-E068-4C18-AA53-C66AAA1495C3}.Debug|iPhoneSimulator.ActiveCfg = Debug|Any CPU
		{1271A874-E068-4C18-AA53-C66AAA1495C3}.Debug|iPhoneSimulator.Build.0 = Debug|Any CPU
		{1271A874-E068-4C18-AA53-C66AAA1495C3}.Release|Any CPU.ActiveCfg = Release|Any CPU
		{1271A874-E068-4C18-AA53-C66AAA1495C3}.Release|Any CPU.Build.0 = Release|Any CPU
		{1271A874-E068-4C18-AA53-C66AAA1495C3}.Release|iPhone.ActiveCfg = Release|Any CPU
		{1271A874-E068-4C18-AA53-C66AAA1495C3}.Release|iPhone.Build.0 = Release|Any CPU
		{1271A874-E068-4C18-AA53-C66AAA1495C3}.Release|iPhoneSimulator.ActiveCfg = Release|Any CPU
		{1271A874-E068-4C18-AA53-C66AAA1495C3}.Release|iPhoneSimulator.Build.0 = Release|Any CPU
		{8910956A-BCD3-4DDB-B180-92B7C2DCC2E3}.Ad-Hoc|Any CPU.ActiveCfg = Debug|Any CPU
		{8910956A-BCD3-4DDB-B180-92B7C2DCC2E3}.Ad-Hoc|Any CPU.Build.0 = Debug|Any CPU
		{8910956A-BCD3-4DDB-B180-92B7C2DCC2E3}.Ad-Hoc|iPhone.ActiveCfg = Debug|Any CPU
		{8910956A-BCD3-4DDB-B180-92B7C2DCC2E3}.Ad-Hoc|iPhone.Build.0 = Debug|Any CPU
		{8910956A-BCD3-4DDB-B180-92B7C2DCC2E3}.Ad-Hoc|iPhoneSimulator.ActiveCfg = Debug|Any CPU
		{8910956A-BCD3-4DDB-B180-92B7C2DCC2E3}.Ad-Hoc|iPhoneSimulator.Build.0 = Debug|Any CPU
		{8910956A-BCD3-4DDB-B180-92B7C2DCC2E3}.AppStore|Any CPU.ActiveCfg = Debug|Any CPU
		{8910956A-BCD3-4DDB-B180-92B7C2DCC2E3}.AppStore|Any CPU.Build.0 = Debug|Any CPU
		{8910956A-BCD3-4DDB-B180-92B7C2DCC2E3}.AppStore|iPhone.ActiveCfg = Debug|Any CPU
		{8910956A-BCD3-4DDB-B180-92B7C2DCC2E3}.AppStore|iPhone.Build.0 = Debug|Any CPU
		{8910956A-BCD3-4DDB-B180-92B7C2DCC2E3}.AppStore|iPhoneSimulator.ActiveCfg = Debug|Any CPU
		{8910956A-BCD3-4DDB-B180-92B7C2DCC2E3}.AppStore|iPhoneSimulator.Build.0 = Debug|Any CPU
		{8910956A-BCD3-4DDB-B180-92B7C2DCC2E3}.Debug|Any CPU.ActiveCfg = Debug|Any CPU
		{8910956A-BCD3-4DDB-B180-92B7C2DCC2E3}.Debug|Any CPU.Build.0 = Debug|Any CPU
		{8910956A-BCD3-4DDB-B180-92B7C2DCC2E3}.Debug|iPhone.ActiveCfg = Debug|Any CPU
		{8910956A-BCD3-4DDB-B180-92B7C2DCC2E3}.Debug|iPhone.Build.0 = Debug|Any CPU
		{8910956A-BCD3-4DDB-B180-92B7C2DCC2E3}.Debug|iPhoneSimulator.ActiveCfg = Debug|Any CPU
		{8910956A-BCD3-4DDB-B180-92B7C2DCC2E3}.Debug|iPhoneSimulator.Build.0 = Debug|Any CPU
		{8910956A-BCD3-4DDB-B180-92B7C2DCC2E3}.Release|Any CPU.ActiveCfg = Release|Any CPU
		{8910956A-BCD3-4DDB-B180-92B7C2DCC2E3}.Release|Any CPU.Build.0 = Release|Any CPU
		{8910956A-BCD3-4DDB-B180-92B7C2DCC2E3}.Release|iPhone.ActiveCfg = Release|Any CPU
		{8910956A-BCD3-4DDB-B180-92B7C2DCC2E3}.Release|iPhone.Build.0 = Release|Any CPU
		{8910956A-BCD3-4DDB-B180-92B7C2DCC2E3}.Release|iPhoneSimulator.ActiveCfg = Release|Any CPU
		{8910956A-BCD3-4DDB-B180-92B7C2DCC2E3}.Release|iPhoneSimulator.Build.0 = Release|Any CPU
		{A81E5013-A04A-4242-BB88-9C0C029E1B1C}.Ad-Hoc|Any CPU.ActiveCfg = Debug|Any CPU
		{A81E5013-A04A-4242-BB88-9C0C029E1B1C}.Ad-Hoc|Any CPU.Build.0 = Debug|Any CPU
		{A81E5013-A04A-4242-BB88-9C0C029E1B1C}.Ad-Hoc|iPhone.ActiveCfg = Debug|Any CPU
		{A81E5013-A04A-4242-BB88-9C0C029E1B1C}.Ad-Hoc|iPhone.Build.0 = Debug|Any CPU
		{A81E5013-A04A-4242-BB88-9C0C029E1B1C}.Ad-Hoc|iPhoneSimulator.ActiveCfg = Debug|Any CPU
		{A81E5013-A04A-4242-BB88-9C0C029E1B1C}.Ad-Hoc|iPhoneSimulator.Build.0 = Debug|Any CPU
		{A81E5013-A04A-4242-BB88-9C0C029E1B1C}.AppStore|Any CPU.ActiveCfg = Debug|Any CPU
		{A81E5013-A04A-4242-BB88-9C0C029E1B1C}.AppStore|Any CPU.Build.0 = Debug|Any CPU
		{A81E5013-A04A-4242-BB88-9C0C029E1B1C}.AppStore|iPhone.ActiveCfg = Debug|Any CPU
		{A81E5013-A04A-4242-BB88-9C0C029E1B1C}.AppStore|iPhone.Build.0 = Debug|Any CPU
		{A81E5013-A04A-4242-BB88-9C0C029E1B1C}.AppStore|iPhoneSimulator.ActiveCfg = Debug|Any CPU
		{A81E5013-A04A-4242-BB88-9C0C029E1B1C}.AppStore|iPhoneSimulator.Build.0 = Debug|Any CPU
		{A81E5013-A04A-4242-BB88-9C0C029E1B1C}.Debug|Any CPU.ActiveCfg = Debug|Any CPU
		{A81E5013-A04A-4242-BB88-9C0C029E1B1C}.Debug|Any CPU.Build.0 = Debug|Any CPU
		{A81E5013-A04A-4242-BB88-9C0C029E1B1C}.Debug|iPhone.ActiveCfg = Debug|Any CPU
		{A81E5013-A04A-4242-BB88-9C0C029E1B1C}.Debug|iPhone.Build.0 = Debug|Any CPU
		{A81E5013-A04A-4242-BB88-9C0C029E1B1C}.Debug|iPhoneSimulator.ActiveCfg = Debug|Any CPU
		{A81E5013-A04A-4242-BB88-9C0C029E1B1C}.Debug|iPhoneSimulator.Build.0 = Debug|Any CPU
		{A81E5013-A04A-4242-BB88-9C0C029E1B1C}.Release|Any CPU.ActiveCfg = Release|Any CPU
		{A81E5013-A04A-4242-BB88-9C0C029E1B1C}.Release|Any CPU.Build.0 = Release|Any CPU
		{A81E5013-A04A-4242-BB88-9C0C029E1B1C}.Release|iPhone.ActiveCfg = Release|Any CPU
		{A81E5013-A04A-4242-BB88-9C0C029E1B1C}.Release|iPhone.Build.0 = Release|Any CPU
		{A81E5013-A04A-4242-BB88-9C0C029E1B1C}.Release|iPhoneSimulator.ActiveCfg = Release|Any CPU
		{A81E5013-A04A-4242-BB88-9C0C029E1B1C}.Release|iPhoneSimulator.Build.0 = Release|Any CPU
		{C9A10993-F6E6-4CF6-8D47-A52FFCCC39B0}.Ad-Hoc|Any CPU.ActiveCfg = Debug|Any CPU
		{C9A10993-F6E6-4CF6-8D47-A52FFCCC39B0}.Ad-Hoc|Any CPU.Build.0 = Debug|Any CPU
		{C9A10993-F6E6-4CF6-8D47-A52FFCCC39B0}.Ad-Hoc|iPhone.ActiveCfg = Debug|Any CPU
		{C9A10993-F6E6-4CF6-8D47-A52FFCCC39B0}.Ad-Hoc|iPhone.Build.0 = Debug|Any CPU
		{C9A10993-F6E6-4CF6-8D47-A52FFCCC39B0}.Ad-Hoc|iPhoneSimulator.ActiveCfg = Debug|Any CPU
		{C9A10993-F6E6-4CF6-8D47-A52FFCCC39B0}.Ad-Hoc|iPhoneSimulator.Build.0 = Debug|Any CPU
		{C9A10993-F6E6-4CF6-8D47-A52FFCCC39B0}.AppStore|Any CPU.ActiveCfg = Debug|Any CPU
		{C9A10993-F6E6-4CF6-8D47-A52FFCCC39B0}.AppStore|Any CPU.Build.0 = Debug|Any CPU
		{C9A10993-F6E6-4CF6-8D47-A52FFCCC39B0}.AppStore|iPhone.ActiveCfg = Debug|Any CPU
		{C9A10993-F6E6-4CF6-8D47-A52FFCCC39B0}.AppStore|iPhone.Build.0 = Debug|Any CPU
		{C9A10993-F6E6-4CF6-8D47-A52FFCCC39B0}.AppStore|iPhoneSimulator.ActiveCfg = Debug|Any CPU
		{C9A10993-F6E6-4CF6-8D47-A52FFCCC39B0}.AppStore|iPhoneSimulator.Build.0 = Debug|Any CPU
		{C9A10993-F6E6-4CF6-8D47-A52FFCCC39B0}.Debug|Any CPU.ActiveCfg = Debug|Any CPU
		{C9A10993-F6E6-4CF6-8D47-A52FFCCC39B0}.Debug|Any CPU.Build.0 = Debug|Any CPU
		{C9A10993-F6E6-4CF6-8D47-A52FFCCC39B0}.Debug|iPhone.ActiveCfg = Debug|Any CPU
		{C9A10993-F6E6-4CF6-8D47-A52FFCCC39B0}.Debug|iPhone.Build.0 = Debug|Any CPU
		{C9A10993-F6E6-4CF6-8D47-A52FFCCC39B0}.Debug|iPhoneSimulator.ActiveCfg = Debug|Any CPU
		{C9A10993-F6E6-4CF6-8D47-A52FFCCC39B0}.Debug|iPhoneSimulator.Build.0 = Debug|Any CPU
		{C9A10993-F6E6-4CF6-8D47-A52FFCCC39B0}.Release|Any CPU.ActiveCfg = Release|Any CPU
		{C9A10993-F6E6-4CF6-8D47-A52FFCCC39B0}.Release|Any CPU.Build.0 = Release|Any CPU
		{C9A10993-F6E6-4CF6-8D47-A52FFCCC39B0}.Release|iPhone.ActiveCfg = Release|Any CPU
		{C9A10993-F6E6-4CF6-8D47-A52FFCCC39B0}.Release|iPhone.Build.0 = Release|Any CPU
		{C9A10993-F6E6-4CF6-8D47-A52FFCCC39B0}.Release|iPhoneSimulator.ActiveCfg = Release|Any CPU
		{C9A10993-F6E6-4CF6-8D47-A52FFCCC39B0}.Release|iPhoneSimulator.Build.0 = Release|Any CPU
		{62146A27-96AB-4938-B23D-22C768A429E6}.Ad-Hoc|Any CPU.ActiveCfg = Debug|Any CPU
		{62146A27-96AB-4938-B23D-22C768A429E6}.Ad-Hoc|Any CPU.Build.0 = Debug|Any CPU
		{62146A27-96AB-4938-B23D-22C768A429E6}.Ad-Hoc|iPhone.ActiveCfg = Debug|Any CPU
		{62146A27-96AB-4938-B23D-22C768A429E6}.Ad-Hoc|iPhone.Build.0 = Debug|Any CPU
		{62146A27-96AB-4938-B23D-22C768A429E6}.Ad-Hoc|iPhoneSimulator.ActiveCfg = Debug|Any CPU
		{62146A27-96AB-4938-B23D-22C768A429E6}.Ad-Hoc|iPhoneSimulator.Build.0 = Debug|Any CPU
		{62146A27-96AB-4938-B23D-22C768A429E6}.AppStore|Any CPU.ActiveCfg = Debug|Any CPU
		{62146A27-96AB-4938-B23D-22C768A429E6}.AppStore|Any CPU.Build.0 = Debug|Any CPU
		{62146A27-96AB-4938-B23D-22C768A429E6}.AppStore|iPhone.ActiveCfg = Debug|Any CPU
		{62146A27-96AB-4938-B23D-22C768A429E6}.AppStore|iPhone.Build.0 = Debug|Any CPU
		{62146A27-96AB-4938-B23D-22C768A429E6}.AppStore|iPhoneSimulator.ActiveCfg = Debug|Any CPU
		{62146A27-96AB-4938-B23D-22C768A429E6}.AppStore|iPhoneSimulator.Build.0 = Debug|Any CPU
		{62146A27-96AB-4938-B23D-22C768A429E6}.Debug|Any CPU.ActiveCfg = Debug|Any CPU
		{62146A27-96AB-4938-B23D-22C768A429E6}.Debug|Any CPU.Build.0 = Debug|Any CPU
		{62146A27-96AB-4938-B23D-22C768A429E6}.Debug|iPhone.ActiveCfg = Debug|Any CPU
		{62146A27-96AB-4938-B23D-22C768A429E6}.Debug|iPhone.Build.0 = Debug|Any CPU
		{62146A27-96AB-4938-B23D-22C768A429E6}.Debug|iPhoneSimulator.ActiveCfg = Debug|Any CPU
		{62146A27-96AB-4938-B23D-22C768A429E6}.Debug|iPhoneSimulator.Build.0 = Debug|Any CPU
		{62146A27-96AB-4938-B23D-22C768A429E6}.Release|Any CPU.ActiveCfg = Release|Any CPU
		{62146A27-96AB-4938-B23D-22C768A429E6}.Release|Any CPU.Build.0 = Release|Any CPU
		{62146A27-96AB-4938-B23D-22C768A429E6}.Release|iPhone.ActiveCfg = Release|Any CPU
		{62146A27-96AB-4938-B23D-22C768A429E6}.Release|iPhone.Build.0 = Release|Any CPU
		{62146A27-96AB-4938-B23D-22C768A429E6}.Release|iPhoneSimulator.ActiveCfg = Release|Any CPU
		{62146A27-96AB-4938-B23D-22C768A429E6}.Release|iPhoneSimulator.Build.0 = Release|Any CPU
		{D8E08196-15B0-4E83-BC56-B7914594501A}.Ad-Hoc|Any CPU.ActiveCfg = Debug|Any CPU
		{D8E08196-15B0-4E83-BC56-B7914594501A}.Ad-Hoc|Any CPU.Build.0 = Debug|Any CPU
		{D8E08196-15B0-4E83-BC56-B7914594501A}.Ad-Hoc|iPhone.ActiveCfg = Debug|Any CPU
		{D8E08196-15B0-4E83-BC56-B7914594501A}.Ad-Hoc|iPhone.Build.0 = Debug|Any CPU
		{D8E08196-15B0-4E83-BC56-B7914594501A}.Ad-Hoc|iPhoneSimulator.ActiveCfg = Debug|Any CPU
		{D8E08196-15B0-4E83-BC56-B7914594501A}.Ad-Hoc|iPhoneSimulator.Build.0 = Debug|Any CPU
		{D8E08196-15B0-4E83-BC56-B7914594501A}.AppStore|Any CPU.ActiveCfg = Debug|Any CPU
		{D8E08196-15B0-4E83-BC56-B7914594501A}.AppStore|Any CPU.Build.0 = Debug|Any CPU
		{D8E08196-15B0-4E83-BC56-B7914594501A}.AppStore|iPhone.ActiveCfg = Debug|Any CPU
		{D8E08196-15B0-4E83-BC56-B7914594501A}.AppStore|iPhone.Build.0 = Debug|Any CPU
		{D8E08196-15B0-4E83-BC56-B7914594501A}.AppStore|iPhoneSimulator.ActiveCfg = Debug|Any CPU
		{D8E08196-15B0-4E83-BC56-B7914594501A}.AppStore|iPhoneSimulator.Build.0 = Debug|Any CPU
		{D8E08196-15B0-4E83-BC56-B7914594501A}.Debug|Any CPU.ActiveCfg = Debug|Any CPU
		{D8E08196-15B0-4E83-BC56-B7914594501A}.Debug|Any CPU.Build.0 = Debug|Any CPU
		{D8E08196-15B0-4E83-BC56-B7914594501A}.Debug|iPhone.ActiveCfg = Debug|Any CPU
		{D8E08196-15B0-4E83-BC56-B7914594501A}.Debug|iPhone.Build.0 = Debug|Any CPU
		{D8E08196-15B0-4E83-BC56-B7914594501A}.Debug|iPhoneSimulator.ActiveCfg = Debug|Any CPU
		{D8E08196-15B0-4E83-BC56-B7914594501A}.Debug|iPhoneSimulator.Build.0 = Debug|Any CPU
		{D8E08196-15B0-4E83-BC56-B7914594501A}.Release|Any CPU.ActiveCfg = Release|Any CPU
		{D8E08196-15B0-4E83-BC56-B7914594501A}.Release|Any CPU.Build.0 = Release|Any CPU
		{D8E08196-15B0-4E83-BC56-B7914594501A}.Release|iPhone.ActiveCfg = Release|Any CPU
		{D8E08196-15B0-4E83-BC56-B7914594501A}.Release|iPhone.Build.0 = Release|Any CPU
		{D8E08196-15B0-4E83-BC56-B7914594501A}.Release|iPhoneSimulator.ActiveCfg = Release|Any CPU
		{D8E08196-15B0-4E83-BC56-B7914594501A}.Release|iPhoneSimulator.Build.0 = Release|Any CPU
		{88AF9700-E708-4FA1-BA85-BFADDEC82AD0}.Ad-Hoc|Any CPU.ActiveCfg = Debug|Any CPU
		{88AF9700-E708-4FA1-BA85-BFADDEC82AD0}.Ad-Hoc|Any CPU.Build.0 = Debug|Any CPU
		{88AF9700-E708-4FA1-BA85-BFADDEC82AD0}.Ad-Hoc|iPhone.ActiveCfg = Debug|Any CPU
		{88AF9700-E708-4FA1-BA85-BFADDEC82AD0}.Ad-Hoc|iPhone.Build.0 = Debug|Any CPU
		{88AF9700-E708-4FA1-BA85-BFADDEC82AD0}.Ad-Hoc|iPhoneSimulator.ActiveCfg = Debug|Any CPU
		{88AF9700-E708-4FA1-BA85-BFADDEC82AD0}.Ad-Hoc|iPhoneSimulator.Build.0 = Debug|Any CPU
		{88AF9700-E708-4FA1-BA85-BFADDEC82AD0}.AppStore|Any CPU.ActiveCfg = Debug|Any CPU
		{88AF9700-E708-4FA1-BA85-BFADDEC82AD0}.AppStore|Any CPU.Build.0 = Debug|Any CPU
		{88AF9700-E708-4FA1-BA85-BFADDEC82AD0}.AppStore|iPhone.ActiveCfg = Debug|Any CPU
		{88AF9700-E708-4FA1-BA85-BFADDEC82AD0}.AppStore|iPhone.Build.0 = Debug|Any CPU
		{88AF9700-E708-4FA1-BA85-BFADDEC82AD0}.AppStore|iPhoneSimulator.ActiveCfg = Debug|Any CPU
		{88AF9700-E708-4FA1-BA85-BFADDEC82AD0}.AppStore|iPhoneSimulator.Build.0 = Debug|Any CPU
		{88AF9700-E708-4FA1-BA85-BFADDEC82AD0}.Debug|Any CPU.ActiveCfg = Debug|Any CPU
		{88AF9700-E708-4FA1-BA85-BFADDEC82AD0}.Debug|Any CPU.Build.0 = Debug|Any CPU
		{88AF9700-E708-4FA1-BA85-BFADDEC82AD0}.Debug|iPhone.ActiveCfg = Debug|Any CPU
		{88AF9700-E708-4FA1-BA85-BFADDEC82AD0}.Debug|iPhone.Build.0 = Debug|Any CPU
		{88AF9700-E708-4FA1-BA85-BFADDEC82AD0}.Debug|iPhoneSimulator.ActiveCfg = Debug|Any CPU
		{88AF9700-E708-4FA1-BA85-BFADDEC82AD0}.Debug|iPhoneSimulator.Build.0 = Debug|Any CPU
		{88AF9700-E708-4FA1-BA85-BFADDEC82AD0}.Release|Any CPU.ActiveCfg = Release|Any CPU
		{88AF9700-E708-4FA1-BA85-BFADDEC82AD0}.Release|Any CPU.Build.0 = Release|Any CPU
		{88AF9700-E708-4FA1-BA85-BFADDEC82AD0}.Release|iPhone.ActiveCfg = Release|Any CPU
		{88AF9700-E708-4FA1-BA85-BFADDEC82AD0}.Release|iPhone.Build.0 = Release|Any CPU
		{88AF9700-E708-4FA1-BA85-BFADDEC82AD0}.Release|iPhoneSimulator.ActiveCfg = Release|Any CPU
		{88AF9700-E708-4FA1-BA85-BFADDEC82AD0}.Release|iPhoneSimulator.Build.0 = Release|Any CPU
		{2C46BF28-FE28-47E1-97FA-B2EBCCA0B65F}.Ad-Hoc|Any CPU.ActiveCfg = Debug|Any CPU
		{2C46BF28-FE28-47E1-97FA-B2EBCCA0B65F}.Ad-Hoc|Any CPU.Build.0 = Debug|Any CPU
		{2C46BF28-FE28-47E1-97FA-B2EBCCA0B65F}.Ad-Hoc|iPhone.ActiveCfg = Debug|Any CPU
		{2C46BF28-FE28-47E1-97FA-B2EBCCA0B65F}.Ad-Hoc|iPhone.Build.0 = Debug|Any CPU
		{2C46BF28-FE28-47E1-97FA-B2EBCCA0B65F}.Ad-Hoc|iPhoneSimulator.ActiveCfg = Debug|Any CPU
		{2C46BF28-FE28-47E1-97FA-B2EBCCA0B65F}.Ad-Hoc|iPhoneSimulator.Build.0 = Debug|Any CPU
		{2C46BF28-FE28-47E1-97FA-B2EBCCA0B65F}.AppStore|Any CPU.ActiveCfg = Debug|Any CPU
		{2C46BF28-FE28-47E1-97FA-B2EBCCA0B65F}.AppStore|Any CPU.Build.0 = Debug|Any CPU
		{2C46BF28-FE28-47E1-97FA-B2EBCCA0B65F}.AppStore|iPhone.ActiveCfg = Debug|Any CPU
		{2C46BF28-FE28-47E1-97FA-B2EBCCA0B65F}.AppStore|iPhone.Build.0 = Debug|Any CPU
		{2C46BF28-FE28-47E1-97FA-B2EBCCA0B65F}.AppStore|iPhoneSimulator.ActiveCfg = Debug|Any CPU
		{2C46BF28-FE28-47E1-97FA-B2EBCCA0B65F}.AppStore|iPhoneSimulator.Build.0 = Debug|Any CPU
		{2C46BF28-FE28-47E1-97FA-B2EBCCA0B65F}.Debug|Any CPU.ActiveCfg = Debug|Any CPU
		{2C46BF28-FE28-47E1-97FA-B2EBCCA0B65F}.Debug|Any CPU.Build.0 = Debug|Any CPU
		{2C46BF28-FE28-47E1-97FA-B2EBCCA0B65F}.Debug|iPhone.ActiveCfg = Debug|Any CPU
		{2C46BF28-FE28-47E1-97FA-B2EBCCA0B65F}.Debug|iPhone.Build.0 = Debug|Any CPU
		{2C46BF28-FE28-47E1-97FA-B2EBCCA0B65F}.Debug|iPhoneSimulator.ActiveCfg = Debug|Any CPU
		{2C46BF28-FE28-47E1-97FA-B2EBCCA0B65F}.Debug|iPhoneSimulator.Build.0 = Debug|Any CPU
		{2C46BF28-FE28-47E1-97FA-B2EBCCA0B65F}.Release|Any CPU.ActiveCfg = Release|Any CPU
		{2C46BF28-FE28-47E1-97FA-B2EBCCA0B65F}.Release|Any CPU.Build.0 = Release|Any CPU
		{2C46BF28-FE28-47E1-97FA-B2EBCCA0B65F}.Release|iPhone.ActiveCfg = Release|Any CPU
		{2C46BF28-FE28-47E1-97FA-B2EBCCA0B65F}.Release|iPhone.Build.0 = Release|Any CPU
		{2C46BF28-FE28-47E1-97FA-B2EBCCA0B65F}.Release|iPhoneSimulator.ActiveCfg = Release|Any CPU
		{2C46BF28-FE28-47E1-97FA-B2EBCCA0B65F}.Release|iPhoneSimulator.Build.0 = Release|Any CPU
		{BF2DC1B4-438F-4A31-8583-F3BC5976ACCA}.Ad-Hoc|Any CPU.ActiveCfg = Debug|Any CPU
		{BF2DC1B4-438F-4A31-8583-F3BC5976ACCA}.Ad-Hoc|Any CPU.Build.0 = Debug|Any CPU
		{BF2DC1B4-438F-4A31-8583-F3BC5976ACCA}.Ad-Hoc|iPhone.ActiveCfg = Debug|Any CPU
		{BF2DC1B4-438F-4A31-8583-F3BC5976ACCA}.Ad-Hoc|iPhone.Build.0 = Debug|Any CPU
		{BF2DC1B4-438F-4A31-8583-F3BC5976ACCA}.Ad-Hoc|iPhoneSimulator.ActiveCfg = Debug|Any CPU
		{BF2DC1B4-438F-4A31-8583-F3BC5976ACCA}.Ad-Hoc|iPhoneSimulator.Build.0 = Debug|Any CPU
		{BF2DC1B4-438F-4A31-8583-F3BC5976ACCA}.AppStore|Any CPU.ActiveCfg = Debug|Any CPU
		{BF2DC1B4-438F-4A31-8583-F3BC5976ACCA}.AppStore|Any CPU.Build.0 = Debug|Any CPU
		{BF2DC1B4-438F-4A31-8583-F3BC5976ACCA}.AppStore|iPhone.ActiveCfg = Debug|Any CPU
		{BF2DC1B4-438F-4A31-8583-F3BC5976ACCA}.AppStore|iPhone.Build.0 = Debug|Any CPU
		{BF2DC1B4-438F-4A31-8583-F3BC5976ACCA}.AppStore|iPhoneSimulator.ActiveCfg = Debug|Any CPU
		{BF2DC1B4-438F-4A31-8583-F3BC5976ACCA}.AppStore|iPhoneSimulator.Build.0 = Debug|Any CPU
		{BF2DC1B4-438F-4A31-8583-F3BC5976ACCA}.Debug|Any CPU.ActiveCfg = Debug|Any CPU
		{BF2DC1B4-438F-4A31-8583-F3BC5976ACCA}.Debug|Any CPU.Build.0 = Debug|Any CPU
		{BF2DC1B4-438F-4A31-8583-F3BC5976ACCA}.Debug|iPhone.ActiveCfg = Debug|Any CPU
		{BF2DC1B4-438F-4A31-8583-F3BC5976ACCA}.Debug|iPhone.Build.0 = Debug|Any CPU
		{BF2DC1B4-438F-4A31-8583-F3BC5976ACCA}.Debug|iPhoneSimulator.ActiveCfg = Debug|Any CPU
		{BF2DC1B4-438F-4A31-8583-F3BC5976ACCA}.Debug|iPhoneSimulator.Build.0 = Debug|Any CPU
		{BF2DC1B4-438F-4A31-8583-F3BC5976ACCA}.Release|Any CPU.ActiveCfg = Release|Any CPU
		{BF2DC1B4-438F-4A31-8583-F3BC5976ACCA}.Release|Any CPU.Build.0 = Release|Any CPU
		{BF2DC1B4-438F-4A31-8583-F3BC5976ACCA}.Release|iPhone.ActiveCfg = Release|Any CPU
		{BF2DC1B4-438F-4A31-8583-F3BC5976ACCA}.Release|iPhone.Build.0 = Release|Any CPU
		{BF2DC1B4-438F-4A31-8583-F3BC5976ACCA}.Release|iPhoneSimulator.ActiveCfg = Release|Any CPU
		{BF2DC1B4-438F-4A31-8583-F3BC5976ACCA}.Release|iPhoneSimulator.Build.0 = Release|Any CPU
		{C79C892F-921E-4BAA-9AD3-58F993DA8D52}.Ad-Hoc|Any CPU.ActiveCfg = Debug|Any CPU
		{C79C892F-921E-4BAA-9AD3-58F993DA8D52}.Ad-Hoc|Any CPU.Build.0 = Debug|Any CPU
		{C79C892F-921E-4BAA-9AD3-58F993DA8D52}.Ad-Hoc|iPhone.ActiveCfg = Debug|Any CPU
		{C79C892F-921E-4BAA-9AD3-58F993DA8D52}.Ad-Hoc|iPhone.Build.0 = Debug|Any CPU
		{C79C892F-921E-4BAA-9AD3-58F993DA8D52}.Ad-Hoc|iPhoneSimulator.ActiveCfg = Debug|Any CPU
		{C79C892F-921E-4BAA-9AD3-58F993DA8D52}.Ad-Hoc|iPhoneSimulator.Build.0 = Debug|Any CPU
		{C79C892F-921E-4BAA-9AD3-58F993DA8D52}.AppStore|Any CPU.ActiveCfg = Debug|Any CPU
		{C79C892F-921E-4BAA-9AD3-58F993DA8D52}.AppStore|Any CPU.Build.0 = Debug|Any CPU
		{C79C892F-921E-4BAA-9AD3-58F993DA8D52}.AppStore|iPhone.ActiveCfg = Debug|Any CPU
		{C79C892F-921E-4BAA-9AD3-58F993DA8D52}.AppStore|iPhone.Build.0 = Debug|Any CPU
		{C79C892F-921E-4BAA-9AD3-58F993DA8D52}.AppStore|iPhoneSimulator.ActiveCfg = Debug|Any CPU
		{C79C892F-921E-4BAA-9AD3-58F993DA8D52}.AppStore|iPhoneSimulator.Build.0 = Debug|Any CPU
		{C79C892F-921E-4BAA-9AD3-58F993DA8D52}.Debug|Any CPU.ActiveCfg = Debug|Any CPU
		{C79C892F-921E-4BAA-9AD3-58F993DA8D52}.Debug|Any CPU.Build.0 = Debug|Any CPU
		{C79C892F-921E-4BAA-9AD3-58F993DA8D52}.Debug|iPhone.ActiveCfg = Debug|Any CPU
		{C79C892F-921E-4BAA-9AD3-58F993DA8D52}.Debug|iPhone.Build.0 = Debug|Any CPU
		{C79C892F-921E-4BAA-9AD3-58F993DA8D52}.Debug|iPhoneSimulator.ActiveCfg = Debug|Any CPU
		{C79C892F-921E-4BAA-9AD3-58F993DA8D52}.Debug|iPhoneSimulator.Build.0 = Debug|Any CPU
		{C79C892F-921E-4BAA-9AD3-58F993DA8D52}.Release|Any CPU.ActiveCfg = Release|Any CPU
		{C79C892F-921E-4BAA-9AD3-58F993DA8D52}.Release|Any CPU.Build.0 = Release|Any CPU
		{C79C892F-921E-4BAA-9AD3-58F993DA8D52}.Release|iPhone.ActiveCfg = Release|Any CPU
		{C79C892F-921E-4BAA-9AD3-58F993DA8D52}.Release|iPhone.Build.0 = Release|Any CPU
		{C79C892F-921E-4BAA-9AD3-58F993DA8D52}.Release|iPhoneSimulator.ActiveCfg = Release|Any CPU
		{C79C892F-921E-4BAA-9AD3-58F993DA8D52}.Release|iPhoneSimulator.Build.0 = Release|Any CPU
		{F1CEA082-DF9B-4F18-8846-9EF265C58CDD}.Ad-Hoc|Any CPU.ActiveCfg = Release|Any CPU
		{F1CEA082-DF9B-4F18-8846-9EF265C58CDD}.Ad-Hoc|Any CPU.Build.0 = Release|Any CPU
		{F1CEA082-DF9B-4F18-8846-9EF265C58CDD}.Ad-Hoc|iPhone.ActiveCfg = Release|Any CPU
		{F1CEA082-DF9B-4F18-8846-9EF265C58CDD}.Ad-Hoc|iPhone.Build.0 = Release|Any CPU
		{F1CEA082-DF9B-4F18-8846-9EF265C58CDD}.Ad-Hoc|iPhoneSimulator.ActiveCfg = Release|Any CPU
		{F1CEA082-DF9B-4F18-8846-9EF265C58CDD}.Ad-Hoc|iPhoneSimulator.Build.0 = Release|Any CPU
		{F1CEA082-DF9B-4F18-8846-9EF265C58CDD}.AppStore|Any CPU.ActiveCfg = Release|Any CPU
		{F1CEA082-DF9B-4F18-8846-9EF265C58CDD}.AppStore|Any CPU.Build.0 = Release|Any CPU
		{F1CEA082-DF9B-4F18-8846-9EF265C58CDD}.AppStore|iPhone.ActiveCfg = Release|Any CPU
		{F1CEA082-DF9B-4F18-8846-9EF265C58CDD}.AppStore|iPhone.Build.0 = Release|Any CPU
		{F1CEA082-DF9B-4F18-8846-9EF265C58CDD}.AppStore|iPhoneSimulator.ActiveCfg = Release|Any CPU
		{F1CEA082-DF9B-4F18-8846-9EF265C58CDD}.AppStore|iPhoneSimulator.Build.0 = Release|Any CPU
		{F1CEA082-DF9B-4F18-8846-9EF265C58CDD}.Debug|Any CPU.ActiveCfg = Debug|Any CPU
		{F1CEA082-DF9B-4F18-8846-9EF265C58CDD}.Debug|Any CPU.Build.0 = Debug|Any CPU
		{F1CEA082-DF9B-4F18-8846-9EF265C58CDD}.Debug|iPhone.ActiveCfg = Debug|Any CPU
		{F1CEA082-DF9B-4F18-8846-9EF265C58CDD}.Debug|iPhone.Build.0 = Debug|Any CPU
		{F1CEA082-DF9B-4F18-8846-9EF265C58CDD}.Debug|iPhoneSimulator.ActiveCfg = Debug|Any CPU
		{F1CEA082-DF9B-4F18-8846-9EF265C58CDD}.Debug|iPhoneSimulator.Build.0 = Debug|Any CPU
		{F1CEA082-DF9B-4F18-8846-9EF265C58CDD}.Release|Any CPU.ActiveCfg = Release|Any CPU
		{F1CEA082-DF9B-4F18-8846-9EF265C58CDD}.Release|Any CPU.Build.0 = Release|Any CPU
		{F1CEA082-DF9B-4F18-8846-9EF265C58CDD}.Release|iPhone.ActiveCfg = Release|Any CPU
		{F1CEA082-DF9B-4F18-8846-9EF265C58CDD}.Release|iPhone.Build.0 = Release|Any CPU
		{F1CEA082-DF9B-4F18-8846-9EF265C58CDD}.Release|iPhoneSimulator.ActiveCfg = Release|Any CPU
		{F1CEA082-DF9B-4F18-8846-9EF265C58CDD}.Release|iPhoneSimulator.Build.0 = Release|Any CPU
		{86C20085-00EC-4482-BE99-295D30AE0CFC}.Ad-Hoc|Any CPU.ActiveCfg = Debug|Any CPU
		{86C20085-00EC-4482-BE99-295D30AE0CFC}.Ad-Hoc|Any CPU.Build.0 = Debug|Any CPU
		{86C20085-00EC-4482-BE99-295D30AE0CFC}.Ad-Hoc|iPhone.ActiveCfg = Debug|Any CPU
		{86C20085-00EC-4482-BE99-295D30AE0CFC}.Ad-Hoc|iPhone.Build.0 = Debug|Any CPU
		{86C20085-00EC-4482-BE99-295D30AE0CFC}.Ad-Hoc|iPhoneSimulator.ActiveCfg = Debug|Any CPU
		{86C20085-00EC-4482-BE99-295D30AE0CFC}.Ad-Hoc|iPhoneSimulator.Build.0 = Debug|Any CPU
		{86C20085-00EC-4482-BE99-295D30AE0CFC}.AppStore|Any CPU.ActiveCfg = Debug|Any CPU
		{86C20085-00EC-4482-BE99-295D30AE0CFC}.AppStore|Any CPU.Build.0 = Debug|Any CPU
		{86C20085-00EC-4482-BE99-295D30AE0CFC}.AppStore|iPhone.ActiveCfg = Debug|Any CPU
		{86C20085-00EC-4482-BE99-295D30AE0CFC}.AppStore|iPhone.Build.0 = Debug|Any CPU
		{86C20085-00EC-4482-BE99-295D30AE0CFC}.AppStore|iPhoneSimulator.ActiveCfg = Debug|Any CPU
		{86C20085-00EC-4482-BE99-295D30AE0CFC}.AppStore|iPhoneSimulator.Build.0 = Debug|Any CPU
		{86C20085-00EC-4482-BE99-295D30AE0CFC}.Debug|Any CPU.ActiveCfg = Debug|Any CPU
		{86C20085-00EC-4482-BE99-295D30AE0CFC}.Debug|Any CPU.Build.0 = Debug|Any CPU
		{86C20085-00EC-4482-BE99-295D30AE0CFC}.Debug|iPhone.ActiveCfg = Debug|Any CPU
		{86C20085-00EC-4482-BE99-295D30AE0CFC}.Debug|iPhone.Build.0 = Debug|Any CPU
		{86C20085-00EC-4482-BE99-295D30AE0CFC}.Debug|iPhoneSimulator.ActiveCfg = Debug|Any CPU
		{86C20085-00EC-4482-BE99-295D30AE0CFC}.Debug|iPhoneSimulator.Build.0 = Debug|Any CPU
		{86C20085-00EC-4482-BE99-295D30AE0CFC}.Release|Any CPU.ActiveCfg = Release|Any CPU
		{86C20085-00EC-4482-BE99-295D30AE0CFC}.Release|Any CPU.Build.0 = Release|Any CPU
		{86C20085-00EC-4482-BE99-295D30AE0CFC}.Release|iPhone.ActiveCfg = Release|Any CPU
		{86C20085-00EC-4482-BE99-295D30AE0CFC}.Release|iPhone.Build.0 = Release|Any CPU
		{86C20085-00EC-4482-BE99-295D30AE0CFC}.Release|iPhoneSimulator.ActiveCfg = Release|Any CPU
		{86C20085-00EC-4482-BE99-295D30AE0CFC}.Release|iPhoneSimulator.Build.0 = Release|Any CPU
		{3FEF4988-017C-4C48-BBBC-AF2C6EEBC0F8}.Ad-Hoc|Any CPU.ActiveCfg = Debug|Any CPU
		{3FEF4988-017C-4C48-BBBC-AF2C6EEBC0F8}.Ad-Hoc|Any CPU.Build.0 = Debug|Any CPU
		{3FEF4988-017C-4C48-BBBC-AF2C6EEBC0F8}.Ad-Hoc|iPhone.ActiveCfg = Debug|Any CPU
		{3FEF4988-017C-4C48-BBBC-AF2C6EEBC0F8}.Ad-Hoc|iPhone.Build.0 = Debug|Any CPU
		{3FEF4988-017C-4C48-BBBC-AF2C6EEBC0F8}.Ad-Hoc|iPhoneSimulator.ActiveCfg = Debug|Any CPU
		{3FEF4988-017C-4C48-BBBC-AF2C6EEBC0F8}.Ad-Hoc|iPhoneSimulator.Build.0 = Debug|Any CPU
		{3FEF4988-017C-4C48-BBBC-AF2C6EEBC0F8}.AppStore|Any CPU.ActiveCfg = Debug|Any CPU
		{3FEF4988-017C-4C48-BBBC-AF2C6EEBC0F8}.AppStore|Any CPU.Build.0 = Debug|Any CPU
		{3FEF4988-017C-4C48-BBBC-AF2C6EEBC0F8}.AppStore|iPhone.ActiveCfg = Debug|Any CPU
		{3FEF4988-017C-4C48-BBBC-AF2C6EEBC0F8}.AppStore|iPhone.Build.0 = Debug|Any CPU
		{3FEF4988-017C-4C48-BBBC-AF2C6EEBC0F8}.AppStore|iPhoneSimulator.ActiveCfg = Debug|Any CPU
		{3FEF4988-017C-4C48-BBBC-AF2C6EEBC0F8}.AppStore|iPhoneSimulator.Build.0 = Debug|Any CPU
		{3FEF4988-017C-4C48-BBBC-AF2C6EEBC0F8}.Debug|Any CPU.ActiveCfg = Debug|Any CPU
		{3FEF4988-017C-4C48-BBBC-AF2C6EEBC0F8}.Debug|Any CPU.Build.0 = Debug|Any CPU
		{3FEF4988-017C-4C48-BBBC-AF2C6EEBC0F8}.Debug|iPhone.ActiveCfg = Debug|Any CPU
		{3FEF4988-017C-4C48-BBBC-AF2C6EEBC0F8}.Debug|iPhone.Build.0 = Debug|Any CPU
		{3FEF4988-017C-4C48-BBBC-AF2C6EEBC0F8}.Debug|iPhoneSimulator.ActiveCfg = Debug|Any CPU
		{3FEF4988-017C-4C48-BBBC-AF2C6EEBC0F8}.Debug|iPhoneSimulator.Build.0 = Debug|Any CPU
		{3FEF4988-017C-4C48-BBBC-AF2C6EEBC0F8}.Release|Any CPU.ActiveCfg = Release|Any CPU
		{3FEF4988-017C-4C48-BBBC-AF2C6EEBC0F8}.Release|Any CPU.Build.0 = Release|Any CPU
		{3FEF4988-017C-4C48-BBBC-AF2C6EEBC0F8}.Release|iPhone.ActiveCfg = Release|Any CPU
		{3FEF4988-017C-4C48-BBBC-AF2C6EEBC0F8}.Release|iPhone.Build.0 = Release|Any CPU
		{3FEF4988-017C-4C48-BBBC-AF2C6EEBC0F8}.Release|iPhoneSimulator.ActiveCfg = Release|Any CPU
		{3FEF4988-017C-4C48-BBBC-AF2C6EEBC0F8}.Release|iPhoneSimulator.Build.0 = Release|Any CPU
		{3AC17599-4799-47B3-821B-879E97A857C0}.Ad-Hoc|Any CPU.ActiveCfg = Debug|Any CPU
		{3AC17599-4799-47B3-821B-879E97A857C0}.Ad-Hoc|Any CPU.Build.0 = Debug|Any CPU
		{3AC17599-4799-47B3-821B-879E97A857C0}.Ad-Hoc|iPhone.ActiveCfg = Debug|Any CPU
		{3AC17599-4799-47B3-821B-879E97A857C0}.Ad-Hoc|iPhone.Build.0 = Debug|Any CPU
		{3AC17599-4799-47B3-821B-879E97A857C0}.Ad-Hoc|iPhoneSimulator.ActiveCfg = Debug|Any CPU
		{3AC17599-4799-47B3-821B-879E97A857C0}.Ad-Hoc|iPhoneSimulator.Build.0 = Debug|Any CPU
		{3AC17599-4799-47B3-821B-879E97A857C0}.AppStore|Any CPU.ActiveCfg = Debug|Any CPU
		{3AC17599-4799-47B3-821B-879E97A857C0}.AppStore|Any CPU.Build.0 = Debug|Any CPU
		{3AC17599-4799-47B3-821B-879E97A857C0}.AppStore|iPhone.ActiveCfg = Debug|Any CPU
		{3AC17599-4799-47B3-821B-879E97A857C0}.AppStore|iPhone.Build.0 = Debug|Any CPU
		{3AC17599-4799-47B3-821B-879E97A857C0}.AppStore|iPhoneSimulator.ActiveCfg = Debug|Any CPU
		{3AC17599-4799-47B3-821B-879E97A857C0}.AppStore|iPhoneSimulator.Build.0 = Debug|Any CPU
		{3AC17599-4799-47B3-821B-879E97A857C0}.Debug|Any CPU.ActiveCfg = Debug|Any CPU
		{3AC17599-4799-47B3-821B-879E97A857C0}.Debug|Any CPU.Build.0 = Debug|Any CPU
		{3AC17599-4799-47B3-821B-879E97A857C0}.Debug|iPhone.ActiveCfg = Debug|Any CPU
		{3AC17599-4799-47B3-821B-879E97A857C0}.Debug|iPhone.Build.0 = Debug|Any CPU
		{3AC17599-4799-47B3-821B-879E97A857C0}.Debug|iPhoneSimulator.ActiveCfg = Debug|Any CPU
		{3AC17599-4799-47B3-821B-879E97A857C0}.Debug|iPhoneSimulator.Build.0 = Debug|Any CPU
		{3AC17599-4799-47B3-821B-879E97A857C0}.Release|Any CPU.ActiveCfg = Release|Any CPU
		{3AC17599-4799-47B3-821B-879E97A857C0}.Release|Any CPU.Build.0 = Release|Any CPU
		{3AC17599-4799-47B3-821B-879E97A857C0}.Release|iPhone.ActiveCfg = Release|Any CPU
		{3AC17599-4799-47B3-821B-879E97A857C0}.Release|iPhone.Build.0 = Release|Any CPU
		{3AC17599-4799-47B3-821B-879E97A857C0}.Release|iPhoneSimulator.ActiveCfg = Release|Any CPU
		{3AC17599-4799-47B3-821B-879E97A857C0}.Release|iPhoneSimulator.Build.0 = Release|Any CPU
		{AD3F29FE-4559-49F6-8929-77D69BDDA818}.Ad-Hoc|Any CPU.ActiveCfg = Debug|Any CPU
		{AD3F29FE-4559-49F6-8929-77D69BDDA818}.Ad-Hoc|Any CPU.Build.0 = Debug|Any CPU
		{AD3F29FE-4559-49F6-8929-77D69BDDA818}.Ad-Hoc|iPhone.ActiveCfg = Debug|Any CPU
		{AD3F29FE-4559-49F6-8929-77D69BDDA818}.Ad-Hoc|iPhone.Build.0 = Debug|Any CPU
		{AD3F29FE-4559-49F6-8929-77D69BDDA818}.Ad-Hoc|iPhoneSimulator.ActiveCfg = Debug|Any CPU
		{AD3F29FE-4559-49F6-8929-77D69BDDA818}.Ad-Hoc|iPhoneSimulator.Build.0 = Debug|Any CPU
		{AD3F29FE-4559-49F6-8929-77D69BDDA818}.AppStore|Any CPU.ActiveCfg = Debug|Any CPU
		{AD3F29FE-4559-49F6-8929-77D69BDDA818}.AppStore|Any CPU.Build.0 = Debug|Any CPU
		{AD3F29FE-4559-49F6-8929-77D69BDDA818}.AppStore|iPhone.ActiveCfg = Debug|Any CPU
		{AD3F29FE-4559-49F6-8929-77D69BDDA818}.AppStore|iPhone.Build.0 = Debug|Any CPU
		{AD3F29FE-4559-49F6-8929-77D69BDDA818}.AppStore|iPhoneSimulator.ActiveCfg = Debug|Any CPU
		{AD3F29FE-4559-49F6-8929-77D69BDDA818}.AppStore|iPhoneSimulator.Build.0 = Debug|Any CPU
		{AD3F29FE-4559-49F6-8929-77D69BDDA818}.Debug|Any CPU.ActiveCfg = Debug|Any CPU
		{AD3F29FE-4559-49F6-8929-77D69BDDA818}.Debug|Any CPU.Build.0 = Debug|Any CPU
		{AD3F29FE-4559-49F6-8929-77D69BDDA818}.Debug|iPhone.ActiveCfg = Debug|Any CPU
		{AD3F29FE-4559-49F6-8929-77D69BDDA818}.Debug|iPhone.Build.0 = Debug|Any CPU
		{AD3F29FE-4559-49F6-8929-77D69BDDA818}.Debug|iPhoneSimulator.ActiveCfg = Debug|Any CPU
		{AD3F29FE-4559-49F6-8929-77D69BDDA818}.Debug|iPhoneSimulator.Build.0 = Debug|Any CPU
		{AD3F29FE-4559-49F6-8929-77D69BDDA818}.Release|Any CPU.ActiveCfg = Release|Any CPU
		{AD3F29FE-4559-49F6-8929-77D69BDDA818}.Release|Any CPU.Build.0 = Release|Any CPU
		{AD3F29FE-4559-49F6-8929-77D69BDDA818}.Release|iPhone.ActiveCfg = Release|Any CPU
		{AD3F29FE-4559-49F6-8929-77D69BDDA818}.Release|iPhone.Build.0 = Release|Any CPU
		{AD3F29FE-4559-49F6-8929-77D69BDDA818}.Release|iPhoneSimulator.ActiveCfg = Release|Any CPU
		{AD3F29FE-4559-49F6-8929-77D69BDDA818}.Release|iPhoneSimulator.Build.0 = Release|Any CPU
		{A19D5D4C-6F78-455E-90BB-B7050BB95F5A}.Ad-Hoc|Any CPU.ActiveCfg = Debug|Any CPU
		{A19D5D4C-6F78-455E-90BB-B7050BB95F5A}.Ad-Hoc|Any CPU.Build.0 = Debug|Any CPU
		{A19D5D4C-6F78-455E-90BB-B7050BB95F5A}.Ad-Hoc|iPhone.ActiveCfg = Debug|Any CPU
		{A19D5D4C-6F78-455E-90BB-B7050BB95F5A}.Ad-Hoc|iPhone.Build.0 = Debug|Any CPU
		{A19D5D4C-6F78-455E-90BB-B7050BB95F5A}.Ad-Hoc|iPhoneSimulator.ActiveCfg = Debug|Any CPU
		{A19D5D4C-6F78-455E-90BB-B7050BB95F5A}.Ad-Hoc|iPhoneSimulator.Build.0 = Debug|Any CPU
		{A19D5D4C-6F78-455E-90BB-B7050BB95F5A}.AppStore|Any CPU.ActiveCfg = Debug|Any CPU
		{A19D5D4C-6F78-455E-90BB-B7050BB95F5A}.AppStore|Any CPU.Build.0 = Debug|Any CPU
		{A19D5D4C-6F78-455E-90BB-B7050BB95F5A}.AppStore|iPhone.ActiveCfg = Debug|Any CPU
		{A19D5D4C-6F78-455E-90BB-B7050BB95F5A}.AppStore|iPhone.Build.0 = Debug|Any CPU
		{A19D5D4C-6F78-455E-90BB-B7050BB95F5A}.AppStore|iPhoneSimulator.ActiveCfg = Debug|Any CPU
		{A19D5D4C-6F78-455E-90BB-B7050BB95F5A}.AppStore|iPhoneSimulator.Build.0 = Debug|Any CPU
		{A19D5D4C-6F78-455E-90BB-B7050BB95F5A}.Debug|Any CPU.ActiveCfg = Debug|Any CPU
		{A19D5D4C-6F78-455E-90BB-B7050BB95F5A}.Debug|Any CPU.Build.0 = Debug|Any CPU
		{A19D5D4C-6F78-455E-90BB-B7050BB95F5A}.Debug|iPhone.ActiveCfg = Debug|Any CPU
		{A19D5D4C-6F78-455E-90BB-B7050BB95F5A}.Debug|iPhone.Build.0 = Debug|Any CPU
		{A19D5D4C-6F78-455E-90BB-B7050BB95F5A}.Debug|iPhoneSimulator.ActiveCfg = Debug|Any CPU
		{A19D5D4C-6F78-455E-90BB-B7050BB95F5A}.Debug|iPhoneSimulator.Build.0 = Debug|Any CPU
		{A19D5D4C-6F78-455E-90BB-B7050BB95F5A}.Release|Any CPU.ActiveCfg = Release|Any CPU
		{A19D5D4C-6F78-455E-90BB-B7050BB95F5A}.Release|Any CPU.Build.0 = Release|Any CPU
		{A19D5D4C-6F78-455E-90BB-B7050BB95F5A}.Release|iPhone.ActiveCfg = Release|Any CPU
		{A19D5D4C-6F78-455E-90BB-B7050BB95F5A}.Release|iPhone.Build.0 = Release|Any CPU
		{A19D5D4C-6F78-455E-90BB-B7050BB95F5A}.Release|iPhoneSimulator.ActiveCfg = Release|Any CPU
		{A19D5D4C-6F78-455E-90BB-B7050BB95F5A}.Release|iPhoneSimulator.Build.0 = Release|Any CPU
	EndGlobalSection
	GlobalSection(SolutionProperties) = preSolution
		HideSolutionNode = FALSE
	EndGlobalSection
	GlobalSection(NestedProjects) = preSolution
		{EFCA3A7B-17F8-4648-834C-1B5478AF5667} = {6793ED4F-2291-44A4-9EE4-0F9D23218979}
		{FF53FBDA-DBDA-4EEC-9C13-46A7394DEF8D} = {6793ED4F-2291-44A4-9EE4-0F9D23218979}
		{93A29776-8F81-4934-A96F-7C987AB5A54C} = {6793ED4F-2291-44A4-9EE4-0F9D23218979}
		{D3409529-635F-44D4-85A5-5D0FD914977D} = {111BEEEC-044B-4363-8831-8CCA75E76F2A}
		{B8167390-73C0-4A50-BD66-1569E6FF74C9} = {111BEEEC-044B-4363-8831-8CCA75E76F2A}
		{799A64B0-6440-43BF-BA22-DE8AF604D1C0} = {D3409529-635F-44D4-85A5-5D0FD914977D}
		{41167FEB-41C1-4341-8845-BCB80B89C1B1} = {D3409529-635F-44D4-85A5-5D0FD914977D}
		{207463CA-0DF7-49E6-A605-D505E65EF499} = {D3409529-635F-44D4-85A5-5D0FD914977D}
		{3F5A4B1B-F894-40DA-913F-CBA1A7525204} = {D3409529-635F-44D4-85A5-5D0FD914977D}
		{66D462FF-2EB4-4BBB-9179-0667F7EF05FA} = {D3409529-635F-44D4-85A5-5D0FD914977D}
		{62860FB5-673C-4292-A81B-F0C2BFC7A747} = {D3409529-635F-44D4-85A5-5D0FD914977D}
		{B5858B4C-8EB6-4AF1-8CC6-B3B64D6F393F} = {D3409529-635F-44D4-85A5-5D0FD914977D}
		{1271A874-E068-4C18-AA53-C66AAA1495C3} = {D3409529-635F-44D4-85A5-5D0FD914977D}
		{8910956A-BCD3-4DDB-B180-92B7C2DCC2E3} = {D3409529-635F-44D4-85A5-5D0FD914977D}
		{A81E5013-A04A-4242-BB88-9C0C029E1B1C} = {D3409529-635F-44D4-85A5-5D0FD914977D}
		{C9A10993-F6E6-4CF6-8D47-A52FFCCC39B0} = {B8167390-73C0-4A50-BD66-1569E6FF74C9}
		{62146A27-96AB-4938-B23D-22C768A429E6} = {B8167390-73C0-4A50-BD66-1569E6FF74C9}
		{D8E08196-15B0-4E83-BC56-B7914594501A} = {B8167390-73C0-4A50-BD66-1569E6FF74C9}
		{88AF9700-E708-4FA1-BA85-BFADDEC82AD0} = {B8167390-73C0-4A50-BD66-1569E6FF74C9}
		{2C46BF28-FE28-47E1-97FA-B2EBCCA0B65F} = {B8167390-73C0-4A50-BD66-1569E6FF74C9}
		{BF2DC1B4-438F-4A31-8583-F3BC5976ACCA} = {B8167390-73C0-4A50-BD66-1569E6FF74C9}
		{C79C892F-921E-4BAA-9AD3-58F993DA8D52} = {62E3AB04-8156-4CDB-A78C-1025E74BA025}
		{F1CEA082-DF9B-4F18-8846-9EF265C58CDD} = {62E3AB04-8156-4CDB-A78C-1025E74BA025}
		{86C20085-00EC-4482-BE99-295D30AE0CFC} = {62E3AB04-8156-4CDB-A78C-1025E74BA025}
		{3FEF4988-017C-4C48-BBBC-AF2C6EEBC0F8} = {62E3AB04-8156-4CDB-A78C-1025E74BA025}
		{3AC17599-4799-47B3-821B-879E97A857C0} = {62E3AB04-8156-4CDB-A78C-1025E74BA025}
		{AD3F29FE-4559-49F6-8929-77D69BDDA818} = {C2491935-70A3-4466-843B-41E49F6105A2}
		{A19D5D4C-6F78-455E-90BB-B7050BB95F5A} = {C2491935-70A3-4466-843B-41E49F6105A2}
	EndGlobalSection
	GlobalSection(ExtensibilityGlobals) = postSolution
		SolutionGuid = {C6BFBE4E-759E-4C2B-8E26-737556DB780F}
	EndGlobalSection
EndGlobal
